// !$*UTF8*$!
{
	archiveVersion = 1;
	classes = {
	};
	objectVersion = 52;
	objects = {

/* Begin PBXBuildFile section */
		CD12071C26253F87009056FB /* DomainError.swift in Sources */ = {isa = PBXBuildFile; fileRef = CD12071B26253F87009056FB /* DomainError.swift */; };
		CD120722262540E3009056FB /* HttpError.swift in Sources */ = {isa = PBXBuildFile; fileRef = CD120721262540E3009056FB /* HttpError.swift */; };
		CD12072726268C0F009056FB /* ExtensionHelpers.swift in Sources */ = {isa = PBXBuildFile; fileRef = CD12072626268C0F009056FB /* ExtensionHelpers.swift */; };
		CD54BAA2262D0092000F1B43 /* AlamofireAdapter.swift in Sources */ = {isa = PBXBuildFile; fileRef = CD54BAA1262D0092000F1B43 /* AlamofireAdapter.swift */; };
		CD54BAB5262D017B000F1B43 /* UrlProtocolStub.swift in Sources */ = {isa = PBXBuildFile; fileRef = CD54BAB4262D017B000F1B43 /* UrlProtocolStub.swift */; };
		CDB08581263E4FDB008106A1 /* Data.framework in Frameworks */ = {isa = PBXBuildFile; fileRef = CDD9340426214613000AD8C0 /* Data.framework */; };
		CDB08582263E4FDB008106A1 /* Data.framework in Embed Frameworks */ = {isa = PBXBuildFile; fileRef = CDD9340426214613000AD8C0 /* Data.framework */; settings = {ATTRIBUTES = (CodeSignOnCopy, RemoveHeadersOnCopy, ); }; };
		CDB0858A263E52E6008106A1 /* AccountModelFactory.swift in Sources */ = {isa = PBXBuildFile; fileRef = CDED13D926291F9D00FD7290 /* AccountModelFactory.swift */; };
		CDB08590263E5972008106A1 /* TestExtension.swift in Sources */ = {isa = PBXBuildFile; fileRef = CDED13C826291D5E00FD7290 /* TestExtension.swift */; };
		CDB08597263E5B85008106A1 /* LoadingView.swift in Sources */ = {isa = PBXBuildFile; fileRef = CDB08596263E5B85008106A1 /* LoadingView.swift */; };
		CDD095302640EF82009DC7E0 /* SignUpViewModel.swift in Sources */ = {isa = PBXBuildFile; fileRef = CDD0952F2640EF82009DC7E0 /* SignUpViewModel.swift */; };
		CDD095372640EFC4009DC7E0 /* SignUpMapper.swift in Sources */ = {isa = PBXBuildFile; fileRef = CDD095362640EFC4009DC7E0 /* SignUpMapper.swift */; };
		CDD0954A2640F0E7009DC7E0 /* AlertViewSpy.swift in Sources */ = {isa = PBXBuildFile; fileRef = CDD095492640F0E7009DC7E0 /* AlertViewSpy.swift */; };
		CDD095572640F12A009DC7E0 /* EmailValidatorSpy.swift in Sources */ = {isa = PBXBuildFile; fileRef = CDD095562640F12A009DC7E0 /* EmailValidatorSpy.swift */; };
		CDD095642640F159009DC7E0 /* AddAccountSpy.swift in Sources */ = {isa = PBXBuildFile; fileRef = CDD095632640F159009DC7E0 /* AddAccountSpy.swift */; };
		CDD095702640F196009DC7E0 /* LoadingViewSpy.swift in Sources */ = {isa = PBXBuildFile; fileRef = CDD0956F2640F196009DC7E0 /* LoadingViewSpy.swift */; };
		CDD095782640F20E009DC7E0 /* TestsFactories.swift in Sources */ = {isa = PBXBuildFile; fileRef = CDD095772640F20E009DC7E0 /* TestsFactories.swift */; };
		CDD095912640F3A8009DC7E0 /* UI.framework in Frameworks */ = {isa = PBXBuildFile; fileRef = CDD095882640F3A8009DC7E0 /* UI.framework */; };
		CDD095962640F3A8009DC7E0 /* SignUpViewControllerTests.swift in Sources */ = {isa = PBXBuildFile; fileRef = CDD095952640F3A8009DC7E0 /* SignUpViewControllerTests.swift */; };
		CDD095BB2640F49C009DC7E0 /* Presentation.framework in Frameworks */ = {isa = PBXBuildFile; fileRef = CDFAB0EB2630ED10007F1D39 /* Presentation.framework */; };
		CDD095BC2640F49D009DC7E0 /* Presentation.framework in Embed Frameworks */ = {isa = PBXBuildFile; fileRef = CDFAB0EB2630ED10007F1D39 /* Presentation.framework */; settings = {ATTRIBUTES = (CodeSignOnCopy, RemoveHeadersOnCopy, ); }; };
		CDD933FA2621447F000AD8C0 /* AddAccount.swift in Sources */ = {isa = PBXBuildFile; fileRef = CDD933F92621447F000AD8C0 /* AddAccount.swift */; };
		CDD933FD262145B7000AD8C0 /* AccountModel.swift in Sources */ = {isa = PBXBuildFile; fileRef = CDD933FC262145B7000AD8C0 /* AccountModel.swift */; };
		CDD9340D26214613000AD8C0 /* Data.framework in Frameworks */ = {isa = PBXBuildFile; fileRef = CDD9340426214613000AD8C0 /* Data.framework */; };
		CDD9341226214613000AD8C0 /* RemoteAddAccountTests.swift in Sources */ = {isa = PBXBuildFile; fileRef = CDD9341126214613000AD8C0 /* RemoteAddAccountTests.swift */; };
		CDD9342226214659000AD8C0 /* Domain.framework in Frameworks */ = {isa = PBXBuildFile; fileRef = CDD933EF26214437000AD8C0 /* Domain.framework */; };
		CDD9342326214659000AD8C0 /* Domain.framework in Embed Frameworks */ = {isa = PBXBuildFile; fileRef = CDD933EF26214437000AD8C0 /* Domain.framework */; settings = {ATTRIBUTES = (CodeSignOnCopy, RemoveHeadersOnCopy, ); }; };
		CDD9342C26215456000AD8C0 /* Model.swift in Sources */ = {isa = PBXBuildFile; fileRef = CDD9342B26215456000AD8C0 /* Model.swift */; };
		CDD93432262154CD000AD8C0 /* RemoteAddAccount.swift in Sources */ = {isa = PBXBuildFile; fileRef = CDD93431262154CD000AD8C0 /* RemoteAddAccount.swift */; };
		CDD9343626215508000AD8C0 /* HttpPostClient.swift in Sources */ = {isa = PBXBuildFile; fileRef = CDD9343526215508000AD8C0 /* HttpPostClient.swift */; };
		CDED13C926291D5E00FD7290 /* TestExtension.swift in Sources */ = {isa = PBXBuildFile; fileRef = CDED13C826291D5E00FD7290 /* TestExtension.swift */; };
		CDED13CF26291EE000FD7290 /* TestsFactories.swift in Sources */ = {isa = PBXBuildFile; fileRef = CDED13CE26291EE000FD7290 /* TestsFactories.swift */; };
		CDED13D426291F5B00FD7290 /* HttpClientSpy.swift in Sources */ = {isa = PBXBuildFile; fileRef = CDED13D326291F5B00FD7290 /* HttpClientSpy.swift */; };
		CDED13DA26291F9D00FD7290 /* AccountModelFactory.swift in Sources */ = {isa = PBXBuildFile; fileRef = CDED13D926291F9D00FD7290 /* AccountModelFactory.swift */; };
		CDED13EB26292A2C00FD7290 /* Infra.framework in Frameworks */ = {isa = PBXBuildFile; fileRef = CDED13E226292A2B00FD7290 /* Infra.framework */; };
		CDED13F026292A2C00FD7290 /* AlamofireAdapterTests.swift in Sources */ = {isa = PBXBuildFile; fileRef = CDED13EF26292A2C00FD7290 /* AlamofireAdapterTests.swift */; };
		CDED140526292AD100FD7290 /* Data.framework in Frameworks */ = {isa = PBXBuildFile; fileRef = CDD9340426214613000AD8C0 /* Data.framework */; };
		CDED140626292AD100FD7290 /* Data.framework in Embed Frameworks */ = {isa = PBXBuildFile; fileRef = CDD9340426214613000AD8C0 /* Data.framework */; settings = {ATTRIBUTES = (CodeSignOnCopy, RemoveHeadersOnCopy, ); }; };
		CDED141326292B1900FD7290 /* AccountModelFactory.swift in Sources */ = {isa = PBXBuildFile; fileRef = CDED13D926291F9D00FD7290 /* AccountModelFactory.swift */; };
		CDED141426292B1900FD7290 /* TestsFactories.swift in Sources */ = {isa = PBXBuildFile; fileRef = CDED13CE26291EE000FD7290 /* TestsFactories.swift */; };
		CDED141526292B1900FD7290 /* TestExtension.swift in Sources */ = {isa = PBXBuildFile; fileRef = CDED13C826291D5E00FD7290 /* TestExtension.swift */; };
		CDED141B26292BC300FD7290 /* Alamofire in Frameworks */ = {isa = PBXBuildFile; productRef = CDED141A26292BC300FD7290 /* Alamofire */; };
		CDFAB0CE2630E356007F1D39 /* AddAccountIntegrationTests.swift in Sources */ = {isa = PBXBuildFile; fileRef = CDFAB0CD2630E356007F1D39 /* AddAccountIntegrationTests.swift */; };
		CDFAB0D02630E356007F1D39 /* Data.framework in Frameworks */ = {isa = PBXBuildFile; fileRef = CDD9340426214613000AD8C0 /* Data.framework */; };
		CDFAB0F42630ED10007F1D39 /* Presentation.framework in Frameworks */ = {isa = PBXBuildFile; fileRef = CDFAB0EB2630ED10007F1D39 /* Presentation.framework */; };
		CDFAB0F92630ED10007F1D39 /* SignupPresenterTests.swift in Sources */ = {isa = PBXBuildFile; fileRef = CDFAB0F82630ED10007F1D39 /* SignupPresenterTests.swift */; };
		CDFAB115263A50AC007F1D39 /* SignUpPresenter.swift in Sources */ = {isa = PBXBuildFile; fileRef = CDFAB114263A50AC007F1D39 /* SignUpPresenter.swift */; };
		CDFAB11C263A50DF007F1D39 /* Domain.framework in Frameworks */ = {isa = PBXBuildFile; fileRef = CDD933EF26214437000AD8C0 /* Domain.framework */; };
		CDFAB11D263A50DF007F1D39 /* Domain.framework in Embed Frameworks */ = {isa = PBXBuildFile; fileRef = CDD933EF26214437000AD8C0 /* Domain.framework */; settings = {ATTRIBUTES = (CodeSignOnCopy, RemoveHeadersOnCopy, ); }; };
		CDFAB128263A514B007F1D39 /* AlertView.swift in Sources */ = {isa = PBXBuildFile; fileRef = CDFAB127263A514B007F1D39 /* AlertView.swift */; };
		CDFAB146263A545C007F1D39 /* EmailValidator.swift in Sources */ = {isa = PBXBuildFile; fileRef = CDFAB145263A545C007F1D39 /* EmailValidator.swift */; };
/* End PBXBuildFile section */

/* Begin PBXContainerItemProxy section */
		CDB08583263E4FDB008106A1 /* PBXContainerItemProxy */ = {
			isa = PBXContainerItemProxy;
			containerPortal = CDD933D326213ED1000AD8C0 /* Project object */;
			proxyType = 1;
			remoteGlobalIDString = CDD9340326214613000AD8C0;
			remoteInfo = Data;
		};
		CDD095922640F3A8009DC7E0 /* PBXContainerItemProxy */ = {
			isa = PBXContainerItemProxy;
			containerPortal = CDD933D326213ED1000AD8C0 /* Project object */;
			proxyType = 1;
			remoteGlobalIDString = CDD095872640F3A8009DC7E0;
			remoteInfo = UI;
		};
		CDD095BD2640F49D009DC7E0 /* PBXContainerItemProxy */ = {
			isa = PBXContainerItemProxy;
			containerPortal = CDD933D326213ED1000AD8C0 /* Project object */;
			proxyType = 1;
			remoteGlobalIDString = CDFAB0EA2630ED10007F1D39;
			remoteInfo = Presentation;
		};
		CDD9340E26214613000AD8C0 /* PBXContainerItemProxy */ = {
			isa = PBXContainerItemProxy;
			containerPortal = CDD933D326213ED1000AD8C0 /* Project object */;
			proxyType = 1;
			remoteGlobalIDString = CDD9340326214613000AD8C0;
			remoteInfo = Data;
		};
		CDD9342426214659000AD8C0 /* PBXContainerItemProxy */ = {
			isa = PBXContainerItemProxy;
			containerPortal = CDD933D326213ED1000AD8C0 /* Project object */;
			proxyType = 1;
			remoteGlobalIDString = CDD933EE26214437000AD8C0;
			remoteInfo = Domain;
		};
		CDED13EC26292A2C00FD7290 /* PBXContainerItemProxy */ = {
			isa = PBXContainerItemProxy;
			containerPortal = CDD933D326213ED1000AD8C0 /* Project object */;
			proxyType = 1;
			remoteGlobalIDString = CDED13E126292A2B00FD7290;
			remoteInfo = Infra;
		};
		CDED140726292AD100FD7290 /* PBXContainerItemProxy */ = {
			isa = PBXContainerItemProxy;
			containerPortal = CDD933D326213ED1000AD8C0 /* Project object */;
			proxyType = 1;
			remoteGlobalIDString = CDD9340326214613000AD8C0;
			remoteInfo = Data;
		};
		CDFAB0D12630E356007F1D39 /* PBXContainerItemProxy */ = {
			isa = PBXContainerItemProxy;
			containerPortal = CDD933D326213ED1000AD8C0 /* Project object */;
			proxyType = 1;
			remoteGlobalIDString = CDD9340326214613000AD8C0;
			remoteInfo = Data;
		};
		CDFAB0DA2630E36D007F1D39 /* PBXContainerItemProxy */ = {
			isa = PBXContainerItemProxy;
			containerPortal = CDD933D326213ED1000AD8C0 /* Project object */;
			proxyType = 1;
			remoteGlobalIDString = CDD933EE26214437000AD8C0;
			remoteInfo = Domain;
		};
		CDFAB0DC2630E36D007F1D39 /* PBXContainerItemProxy */ = {
			isa = PBXContainerItemProxy;
			containerPortal = CDD933D326213ED1000AD8C0 /* Project object */;
			proxyType = 1;
			remoteGlobalIDString = CDED13E126292A2B00FD7290;
			remoteInfo = Infra;
		};
		CDFAB0F52630ED10007F1D39 /* PBXContainerItemProxy */ = {
			isa = PBXContainerItemProxy;
			containerPortal = CDD933D326213ED1000AD8C0 /* Project object */;
			proxyType = 1;
			remoteGlobalIDString = CDFAB0EA2630ED10007F1D39;
			remoteInfo = Presentation;
		};
		CDFAB11E263A50DF007F1D39 /* PBXContainerItemProxy */ = {
			isa = PBXContainerItemProxy;
			containerPortal = CDD933D326213ED1000AD8C0 /* Project object */;
			proxyType = 1;
			remoteGlobalIDString = CDD933EE26214437000AD8C0;
			remoteInfo = Domain;
		};
/* End PBXContainerItemProxy section */

/* Begin PBXCopyFilesBuildPhase section */
		CDD095BF2640F49D009DC7E0 /* Embed Frameworks */ = {
			isa = PBXCopyFilesBuildPhase;
			buildActionMask = 2147483647;
			dstPath = "";
			dstSubfolderSpec = 10;
			files = (
				CDD095BC2640F49D009DC7E0 /* Presentation.framework in Embed Frameworks */,
			);
			name = "Embed Frameworks";
			runOnlyForDeploymentPostprocessing = 0;
		};
		CDD9342626214659000AD8C0 /* Embed Frameworks */ = {
			isa = PBXCopyFilesBuildPhase;
			buildActionMask = 2147483647;
			dstPath = "";
			dstSubfolderSpec = 10;
			files = (
				CDD9342326214659000AD8C0 /* Domain.framework in Embed Frameworks */,
			);
			name = "Embed Frameworks";
			runOnlyForDeploymentPostprocessing = 0;
		};
		CDED140926292AD100FD7290 /* Embed Frameworks */ = {
			isa = PBXCopyFilesBuildPhase;
			buildActionMask = 2147483647;
			dstPath = "";
			dstSubfolderSpec = 10;
			files = (
				CDED140626292AD100FD7290 /* Data.framework in Embed Frameworks */,
			);
			name = "Embed Frameworks";
			runOnlyForDeploymentPostprocessing = 0;
		};
		CDFAB120263A50DF007F1D39 /* Embed Frameworks */ = {
			isa = PBXCopyFilesBuildPhase;
			buildActionMask = 2147483647;
			dstPath = "";
			dstSubfolderSpec = 10;
			files = (
				CDB08582263E4FDB008106A1 /* Data.framework in Embed Frameworks */,
				CDFAB11D263A50DF007F1D39 /* Domain.framework in Embed Frameworks */,
			);
			name = "Embed Frameworks";
			runOnlyForDeploymentPostprocessing = 0;
		};
/* End PBXCopyFilesBuildPhase section */

/* Begin PBXFileReference section */
		CD12071B26253F87009056FB /* DomainError.swift */ = {isa = PBXFileReference; lastKnownFileType = sourcecode.swift; path = DomainError.swift; sourceTree = "<group>"; };
		CD120721262540E3009056FB /* HttpError.swift */ = {isa = PBXFileReference; lastKnownFileType = sourcecode.swift; path = HttpError.swift; sourceTree = "<group>"; };
		CD12072626268C0F009056FB /* ExtensionHelpers.swift */ = {isa = PBXFileReference; lastKnownFileType = sourcecode.swift; path = ExtensionHelpers.swift; sourceTree = "<group>"; };
		CD54BAA1262D0092000F1B43 /* AlamofireAdapter.swift */ = {isa = PBXFileReference; lastKnownFileType = sourcecode.swift; path = AlamofireAdapter.swift; sourceTree = "<group>"; };
		CD54BAB4262D017B000F1B43 /* UrlProtocolStub.swift */ = {isa = PBXFileReference; lastKnownFileType = sourcecode.swift; path = UrlProtocolStub.swift; sourceTree = "<group>"; };
		CDB08596263E5B85008106A1 /* LoadingView.swift */ = {isa = PBXFileReference; lastKnownFileType = sourcecode.swift; path = LoadingView.swift; sourceTree = "<group>"; };
		CDD0952F2640EF82009DC7E0 /* SignUpViewModel.swift */ = {isa = PBXFileReference; lastKnownFileType = sourcecode.swift; path = SignUpViewModel.swift; sourceTree = "<group>"; };
		CDD095362640EFC4009DC7E0 /* SignUpMapper.swift */ = {isa = PBXFileReference; lastKnownFileType = sourcecode.swift; path = SignUpMapper.swift; sourceTree = "<group>"; };
		CDD095492640F0E7009DC7E0 /* AlertViewSpy.swift */ = {isa = PBXFileReference; lastKnownFileType = sourcecode.swift; path = AlertViewSpy.swift; sourceTree = "<group>"; };
		CDD095562640F12A009DC7E0 /* EmailValidatorSpy.swift */ = {isa = PBXFileReference; lastKnownFileType = sourcecode.swift; path = EmailValidatorSpy.swift; sourceTree = "<group>"; };
		CDD095632640F159009DC7E0 /* AddAccountSpy.swift */ = {isa = PBXFileReference; lastKnownFileType = sourcecode.swift; path = AddAccountSpy.swift; sourceTree = "<group>"; };
		CDD0956F2640F196009DC7E0 /* LoadingViewSpy.swift */ = {isa = PBXFileReference; lastKnownFileType = sourcecode.swift; path = LoadingViewSpy.swift; sourceTree = "<group>"; };
		CDD095772640F20E009DC7E0 /* TestsFactories.swift */ = {isa = PBXFileReference; lastKnownFileType = sourcecode.swift; path = TestsFactories.swift; sourceTree = "<group>"; };
		CDD095882640F3A8009DC7E0 /* UI.framework */ = {isa = PBXFileReference; explicitFileType = wrapper.framework; includeInIndex = 0; path = UI.framework; sourceTree = BUILT_PRODUCTS_DIR; };
		CDD0958B2640F3A8009DC7E0 /* Info.plist */ = {isa = PBXFileReference; lastKnownFileType = text.plist.xml; path = Info.plist; sourceTree = "<group>"; };
		CDD095902640F3A8009DC7E0 /* UITests.xctest */ = {isa = PBXFileReference; explicitFileType = wrapper.cfbundle; includeInIndex = 0; path = UITests.xctest; sourceTree = BUILT_PRODUCTS_DIR; };
		CDD095952640F3A8009DC7E0 /* SignUpViewControllerTests.swift */ = {isa = PBXFileReference; lastKnownFileType = sourcecode.swift; path = SignUpViewControllerTests.swift; sourceTree = "<group>"; };
		CDD095972640F3A8009DC7E0 /* Info.plist */ = {isa = PBXFileReference; lastKnownFileType = text.plist.xml; path = Info.plist; sourceTree = "<group>"; };
		CDD933EF26214437000AD8C0 /* Domain.framework */ = {isa = PBXFileReference; explicitFileType = wrapper.framework; includeInIndex = 0; path = Domain.framework; sourceTree = BUILT_PRODUCTS_DIR; };
		CDD933F226214437000AD8C0 /* Info.plist */ = {isa = PBXFileReference; lastKnownFileType = text.plist.xml; path = Info.plist; sourceTree = "<group>"; };
		CDD933F92621447F000AD8C0 /* AddAccount.swift */ = {isa = PBXFileReference; lastKnownFileType = sourcecode.swift; path = AddAccount.swift; sourceTree = "<group>"; };
		CDD933FC262145B7000AD8C0 /* AccountModel.swift */ = {isa = PBXFileReference; lastKnownFileType = sourcecode.swift; path = AccountModel.swift; sourceTree = "<group>"; };
		CDD9340426214613000AD8C0 /* Data.framework */ = {isa = PBXFileReference; explicitFileType = wrapper.framework; includeInIndex = 0; path = Data.framework; sourceTree = BUILT_PRODUCTS_DIR; };
		CDD9340726214613000AD8C0 /* Info.plist */ = {isa = PBXFileReference; lastKnownFileType = text.plist.xml; path = Info.plist; sourceTree = "<group>"; };
		CDD9340C26214613000AD8C0 /* DataTests.xctest */ = {isa = PBXFileReference; explicitFileType = wrapper.cfbundle; includeInIndex = 0; path = DataTests.xctest; sourceTree = BUILT_PRODUCTS_DIR; };
		CDD9341126214613000AD8C0 /* RemoteAddAccountTests.swift */ = {isa = PBXFileReference; lastKnownFileType = sourcecode.swift; path = RemoteAddAccountTests.swift; sourceTree = "<group>"; };
		CDD9341326214613000AD8C0 /* Info.plist */ = {isa = PBXFileReference; lastKnownFileType = text.plist.xml; path = Info.plist; sourceTree = "<group>"; };
		CDD9342B26215456000AD8C0 /* Model.swift */ = {isa = PBXFileReference; lastKnownFileType = sourcecode.swift; path = Model.swift; sourceTree = "<group>"; };
		CDD93431262154CD000AD8C0 /* RemoteAddAccount.swift */ = {isa = PBXFileReference; lastKnownFileType = sourcecode.swift; path = RemoteAddAccount.swift; sourceTree = "<group>"; };
		CDD9343526215508000AD8C0 /* HttpPostClient.swift */ = {isa = PBXFileReference; lastKnownFileType = sourcecode.swift; path = HttpPostClient.swift; sourceTree = "<group>"; };
		CDED13C826291D5E00FD7290 /* TestExtension.swift */ = {isa = PBXFileReference; lastKnownFileType = sourcecode.swift; path = TestExtension.swift; sourceTree = "<group>"; };
		CDED13CE26291EE000FD7290 /* TestsFactories.swift */ = {isa = PBXFileReference; lastKnownFileType = sourcecode.swift; path = TestsFactories.swift; sourceTree = "<group>"; };
		CDED13D326291F5B00FD7290 /* HttpClientSpy.swift */ = {isa = PBXFileReference; lastKnownFileType = sourcecode.swift; path = HttpClientSpy.swift; sourceTree = "<group>"; };
		CDED13D926291F9D00FD7290 /* AccountModelFactory.swift */ = {isa = PBXFileReference; lastKnownFileType = sourcecode.swift; path = AccountModelFactory.swift; sourceTree = "<group>"; };
		CDED13E226292A2B00FD7290 /* Infra.framework */ = {isa = PBXFileReference; explicitFileType = wrapper.framework; includeInIndex = 0; path = Infra.framework; sourceTree = BUILT_PRODUCTS_DIR; };
		CDED13E526292A2B00FD7290 /* Info.plist */ = {isa = PBXFileReference; lastKnownFileType = text.plist.xml; path = Info.plist; sourceTree = "<group>"; };
		CDED13EA26292A2C00FD7290 /* InfraTests.xctest */ = {isa = PBXFileReference; explicitFileType = wrapper.cfbundle; includeInIndex = 0; path = InfraTests.xctest; sourceTree = BUILT_PRODUCTS_DIR; };
		CDED13EF26292A2C00FD7290 /* AlamofireAdapterTests.swift */ = {isa = PBXFileReference; lastKnownFileType = sourcecode.swift; path = AlamofireAdapterTests.swift; sourceTree = "<group>"; };
		CDED13F126292A2C00FD7290 /* Info.plist */ = {isa = PBXFileReference; lastKnownFileType = text.plist.xml; path = Info.plist; sourceTree = "<group>"; };
		CDFAB0CB2630E356007F1D39 /* UseCasesIntegrationTests.xctest */ = {isa = PBXFileReference; explicitFileType = wrapper.cfbundle; includeInIndex = 0; path = UseCasesIntegrationTests.xctest; sourceTree = BUILT_PRODUCTS_DIR; };
		CDFAB0CD2630E356007F1D39 /* AddAccountIntegrationTests.swift */ = {isa = PBXFileReference; lastKnownFileType = sourcecode.swift; path = AddAccountIntegrationTests.swift; sourceTree = "<group>"; };
		CDFAB0CF2630E356007F1D39 /* Info.plist */ = {isa = PBXFileReference; lastKnownFileType = text.plist.xml; path = Info.plist; sourceTree = "<group>"; };
		CDFAB0EB2630ED10007F1D39 /* Presentation.framework */ = {isa = PBXFileReference; explicitFileType = wrapper.framework; includeInIndex = 0; path = Presentation.framework; sourceTree = BUILT_PRODUCTS_DIR; };
		CDFAB0EE2630ED10007F1D39 /* Info.plist */ = {isa = PBXFileReference; lastKnownFileType = text.plist.xml; path = Info.plist; sourceTree = "<group>"; };
		CDFAB0F32630ED10007F1D39 /* PresentationTests.xctest */ = {isa = PBXFileReference; explicitFileType = wrapper.cfbundle; includeInIndex = 0; path = PresentationTests.xctest; sourceTree = BUILT_PRODUCTS_DIR; };
		CDFAB0F82630ED10007F1D39 /* SignupPresenterTests.swift */ = {isa = PBXFileReference; lastKnownFileType = sourcecode.swift; path = SignupPresenterTests.swift; sourceTree = "<group>"; };
		CDFAB0FA2630ED10007F1D39 /* Info.plist */ = {isa = PBXFileReference; lastKnownFileType = text.plist.xml; path = Info.plist; sourceTree = "<group>"; };
		CDFAB114263A50AC007F1D39 /* SignUpPresenter.swift */ = {isa = PBXFileReference; lastKnownFileType = sourcecode.swift; path = SignUpPresenter.swift; sourceTree = "<group>"; };
		CDFAB127263A514B007F1D39 /* AlertView.swift */ = {isa = PBXFileReference; lastKnownFileType = sourcecode.swift; path = AlertView.swift; sourceTree = "<group>"; };
		CDFAB145263A545C007F1D39 /* EmailValidator.swift */ = {isa = PBXFileReference; lastKnownFileType = sourcecode.swift; path = EmailValidator.swift; sourceTree = "<group>"; };
/* End PBXFileReference section */

/* Begin PBXFrameworksBuildPhase section */
		CDD095852640F3A8009DC7E0 /* Frameworks */ = {
			isa = PBXFrameworksBuildPhase;
			buildActionMask = 2147483647;
			files = (
				CDD095BB2640F49C009DC7E0 /* Presentation.framework in Frameworks */,
			);
			runOnlyForDeploymentPostprocessing = 0;
		};
		CDD0958D2640F3A8009DC7E0 /* Frameworks */ = {
			isa = PBXFrameworksBuildPhase;
			buildActionMask = 2147483647;
			files = (
				CDD095912640F3A8009DC7E0 /* UI.framework in Frameworks */,
			);
			runOnlyForDeploymentPostprocessing = 0;
		};
		CDD933EC26214437000AD8C0 /* Frameworks */ = {
			isa = PBXFrameworksBuildPhase;
			buildActionMask = 2147483647;
			files = (
			);
			runOnlyForDeploymentPostprocessing = 0;
		};
		CDD9340126214613000AD8C0 /* Frameworks */ = {
			isa = PBXFrameworksBuildPhase;
			buildActionMask = 2147483647;
			files = (
				CDD9342226214659000AD8C0 /* Domain.framework in Frameworks */,
			);
			runOnlyForDeploymentPostprocessing = 0;
		};
		CDD9340926214613000AD8C0 /* Frameworks */ = {
			isa = PBXFrameworksBuildPhase;
			buildActionMask = 2147483647;
			files = (
				CDD9340D26214613000AD8C0 /* Data.framework in Frameworks */,
			);
			runOnlyForDeploymentPostprocessing = 0;
		};
		CDED13DF26292A2B00FD7290 /* Frameworks */ = {
			isa = PBXFrameworksBuildPhase;
			buildActionMask = 2147483647;
			files = (
				CDED140526292AD100FD7290 /* Data.framework in Frameworks */,
				CDED141B26292BC300FD7290 /* Alamofire in Frameworks */,
			);
			runOnlyForDeploymentPostprocessing = 0;
		};
		CDED13E726292A2C00FD7290 /* Frameworks */ = {
			isa = PBXFrameworksBuildPhase;
			buildActionMask = 2147483647;
			files = (
				CDED13EB26292A2C00FD7290 /* Infra.framework in Frameworks */,
			);
			runOnlyForDeploymentPostprocessing = 0;
		};
		CDFAB0C82630E356007F1D39 /* Frameworks */ = {
			isa = PBXFrameworksBuildPhase;
			buildActionMask = 2147483647;
			files = (
				CDFAB0D02630E356007F1D39 /* Data.framework in Frameworks */,
			);
			runOnlyForDeploymentPostprocessing = 0;
		};
		CDFAB0E82630ED10007F1D39 /* Frameworks */ = {
			isa = PBXFrameworksBuildPhase;
			buildActionMask = 2147483647;
			files = (
				CDB08581263E4FDB008106A1 /* Data.framework in Frameworks */,
				CDFAB11C263A50DF007F1D39 /* Domain.framework in Frameworks */,
			);
			runOnlyForDeploymentPostprocessing = 0;
		};
		CDFAB0F02630ED10007F1D39 /* Frameworks */ = {
			isa = PBXFrameworksBuildPhase;
			buildActionMask = 2147483647;
			files = (
				CDFAB0F42630ED10007F1D39 /* Presentation.framework in Frameworks */,
			);
			runOnlyForDeploymentPostprocessing = 0;
		};
/* End PBXFrameworksBuildPhase section */

/* Begin PBXGroup section */
		CD12071A26253F7D009056FB /* Errors */ = {
			isa = PBXGroup;
			children = (
				CD12071B26253F87009056FB /* DomainError.swift */,
			);
			path = Errors;
			sourceTree = "<group>";
		};
		CD12072526268C03009056FB /* Helpers */ = {
			isa = PBXGroup;
			children = (
				CD12072626268C0F009056FB /* ExtensionHelpers.swift */,
			);
			path = Helpers;
			sourceTree = "<group>";
		};
		CD54BAA9262D010E000F1B43 /* Http */ = {
			isa = PBXGroup;
			children = (
				CD54BAA1262D0092000F1B43 /* AlamofireAdapter.swift */,
			);
			path = Http;
			sourceTree = "<group>";
		};
		CD54BAAD262D0160000F1B43 /* Http */ = {
			isa = PBXGroup;
			children = (
				CDED13EF26292A2C00FD7290 /* AlamofireAdapterTests.swift */,
				CD54BAB4262D017B000F1B43 /* UrlProtocolStub.swift */,
			);
			path = Http;
			sourceTree = "<group>";
		};
		CDD095292640EF67009DC7E0 /* SignUp */ = {
			isa = PBXGroup;
			children = (
				CDFAB114263A50AC007F1D39 /* SignUpPresenter.swift */,
				CDD0952F2640EF82009DC7E0 /* SignUpViewModel.swift */,
				CDD095362640EFC4009DC7E0 /* SignUpMapper.swift */,
			);
			path = SignUp;
			sourceTree = "<group>";
		};
		CDD0953D2640F08E009DC7E0 /* SignUp */ = {
			isa = PBXGroup;
			children = (
				CDFAB0F82630ED10007F1D39 /* SignupPresenterTests.swift */,
			);
			path = SignUp;
			sourceTree = "<group>";
		};
		CDD095482640F0DA009DC7E0 /* Views */ = {
			isa = PBXGroup;
			children = (
				CDD095492640F0E7009DC7E0 /* AlertViewSpy.swift */,
				CDD0956F2640F196009DC7E0 /* LoadingViewSpy.swift */,
			);
			path = Views;
			sourceTree = "<group>";
		};
		CDD095552640F121009DC7E0 /* Validators */ = {
			isa = PBXGroup;
			children = (
				CDD095562640F12A009DC7E0 /* EmailValidatorSpy.swift */,
			);
			path = Validators;
			sourceTree = "<group>";
		};
		CDD095622640F14B009DC7E0 /* UseCases */ = {
			isa = PBXGroup;
			children = (
				CDD095632640F159009DC7E0 /* AddAccountSpy.swift */,
			);
			path = UseCases;
			sourceTree = "<group>";
		};
		CDD095762640F1FF009DC7E0 /* Helpers */ = {
			isa = PBXGroup;
			children = (
				CDD095772640F20E009DC7E0 /* TestsFactories.swift */,
			);
			path = Helpers;
			sourceTree = "<group>";
		};
		CDD095892640F3A8009DC7E0 /* UI */ = {
			isa = PBXGroup;
			children = (
				CDD0958B2640F3A8009DC7E0 /* Info.plist */,
			);
			path = UI;
			sourceTree = "<group>";
		};
		CDD095942640F3A8009DC7E0 /* UITests */ = {
			isa = PBXGroup;
			children = (
				CDD095952640F3A8009DC7E0 /* SignUpViewControllerTests.swift */,
				CDD095972640F3A8009DC7E0 /* Info.plist */,
			);
			path = UITests;
			sourceTree = "<group>";
		};
		CDD933D226213ED1000AD8C0 = {
			isa = PBXGroup;
			children = (
				CDD933F026214437000AD8C0 /* Domain */,
				CDD9340526214613000AD8C0 /* Data */,
				CDD9341026214613000AD8C0 /* DataTests */,
				CDED13E326292A2B00FD7290 /* Infra */,
				CDED13EE26292A2C00FD7290 /* InfraTests */,
				CDFAB0CC2630E356007F1D39 /* UseCasesIntegrationTests */,
				CDFAB0EC2630ED10007F1D39 /* Presentation */,
				CDFAB0F72630ED10007F1D39 /* PresentationTests */,
				CDD095892640F3A8009DC7E0 /* UI */,
				CDD095942640F3A8009DC7E0 /* UITests */,
				CDD933DD26213ED1000AD8C0 /* Products */,
				CDD9342126214659000AD8C0 /* Frameworks */,
			);
			sourceTree = "<group>";
		};
		CDD933DD26213ED1000AD8C0 /* Products */ = {
			isa = PBXGroup;
			children = (
				CDD933EF26214437000AD8C0 /* Domain.framework */,
				CDD9340426214613000AD8C0 /* Data.framework */,
				CDD9340C26214613000AD8C0 /* DataTests.xctest */,
				CDED13E226292A2B00FD7290 /* Infra.framework */,
				CDED13EA26292A2C00FD7290 /* InfraTests.xctest */,
				CDFAB0CB2630E356007F1D39 /* UseCasesIntegrationTests.xctest */,
				CDFAB0EB2630ED10007F1D39 /* Presentation.framework */,
				CDFAB0F32630ED10007F1D39 /* PresentationTests.xctest */,
				CDD095882640F3A8009DC7E0 /* UI.framework */,
				CDD095902640F3A8009DC7E0 /* UITests.xctest */,
			);
			name = Products;
			sourceTree = "<group>";
		};
		CDD933F026214437000AD8C0 /* Domain */ = {
			isa = PBXGroup;
			children = (
				CD12071A26253F7D009056FB /* Errors */,
				CDD9343B26215572000AD8C0 /* UseCases */,
				CDD9343C2621557D000AD8C0 /* Models */,
				CDD933F226214437000AD8C0 /* Info.plist */,
			);
			path = Domain;
			sourceTree = "<group>";
		};
		CDD9340526214613000AD8C0 /* Data */ = {
			isa = PBXGroup;
			children = (
				CDD9343F26215586000AD8C0 /* UseCases */,
				CD12072526268C03009056FB /* Helpers */,
				CDD934422621558D000AD8C0 /* Http */,
				CDD9340726214613000AD8C0 /* Info.plist */,
			);
			path = Data;
			sourceTree = "<group>";
		};
		CDD9341026214613000AD8C0 /* DataTests */ = {
			isa = PBXGroup;
			children = (
				CDD93445262155AD000AD8C0 /* UseCases */,
				CDED13C726291D4000FD7290 /* Helpers */,
				CDED13D226291F3E00FD7290 /* Http */,
				CDD9341326214613000AD8C0 /* Info.plist */,
			);
			path = DataTests;
			sourceTree = "<group>";
		};
		CDD9342126214659000AD8C0 /* Frameworks */ = {
			isa = PBXGroup;
			children = (
			);
			name = Frameworks;
			sourceTree = "<group>";
		};
		CDD9343B26215572000AD8C0 /* UseCases */ = {
			isa = PBXGroup;
			children = (
				CDD933F92621447F000AD8C0 /* AddAccount.swift */,
			);
			path = UseCases;
			sourceTree = "<group>";
		};
		CDD9343C2621557D000AD8C0 /* Models */ = {
			isa = PBXGroup;
			children = (
				CDD933FC262145B7000AD8C0 /* AccountModel.swift */,
				CDD9342B26215456000AD8C0 /* Model.swift */,
			);
			path = Models;
			sourceTree = "<group>";
		};
		CDD9343F26215586000AD8C0 /* UseCases */ = {
			isa = PBXGroup;
			children = (
				CDD93431262154CD000AD8C0 /* RemoteAddAccount.swift */,
			);
			path = UseCases;
			sourceTree = "<group>";
		};
		CDD934422621558D000AD8C0 /* Http */ = {
			isa = PBXGroup;
			children = (
				CDD9343526215508000AD8C0 /* HttpPostClient.swift */,
				CD120721262540E3009056FB /* HttpError.swift */,
			);
			path = Http;
			sourceTree = "<group>";
		};
		CDD93445262155AD000AD8C0 /* UseCases */ = {
			isa = PBXGroup;
			children = (
				CDD9341126214613000AD8C0 /* RemoteAddAccountTests.swift */,
			);
			path = UseCases;
			sourceTree = "<group>";
		};
		CDED13C726291D4000FD7290 /* Helpers */ = {
			isa = PBXGroup;
			children = (
				CDED13C826291D5E00FD7290 /* TestExtension.swift */,
				CDED13CE26291EE000FD7290 /* TestsFactories.swift */,
				CDED13D926291F9D00FD7290 /* AccountModelFactory.swift */,
			);
			path = Helpers;
			sourceTree = "<group>";
		};
		CDED13D226291F3E00FD7290 /* Http */ = {
			isa = PBXGroup;
			children = (
				CDED13D326291F5B00FD7290 /* HttpClientSpy.swift */,
			);
			path = Http;
			sourceTree = "<group>";
		};
		CDED13E326292A2B00FD7290 /* Infra */ = {
			isa = PBXGroup;
			children = (
				CD54BAA9262D010E000F1B43 /* Http */,
				CDED13E526292A2B00FD7290 /* Info.plist */,
			);
			path = Infra;
			sourceTree = "<group>";
		};
		CDED13EE26292A2C00FD7290 /* InfraTests */ = {
			isa = PBXGroup;
			children = (
				CD54BAAD262D0160000F1B43 /* Http */,
				CDED13F126292A2C00FD7290 /* Info.plist */,
			);
			path = InfraTests;
			sourceTree = "<group>";
		};
		CDFAB0CC2630E356007F1D39 /* UseCasesIntegrationTests */ = {
			isa = PBXGroup;
			children = (
				CDFAB0CD2630E356007F1D39 /* AddAccountIntegrationTests.swift */,
				CDFAB0CF2630E356007F1D39 /* Info.plist */,
			);
			path = UseCasesIntegrationTests;
			sourceTree = "<group>";
		};
		CDFAB0EC2630ED10007F1D39 /* Presentation */ = {
			isa = PBXGroup;
			children = (
				CDFAB144263A5445007F1D39 /* Validators */,
				CDFAB12E263A5166007F1D39 /* Presenters */,
				CDFAB126263A5140007F1D39 /* Views */,
				CDFAB0EE2630ED10007F1D39 /* Info.plist */,
			);
			path = Presentation;
			sourceTree = "<group>";
		};
		CDFAB0F72630ED10007F1D39 /* PresentationTests */ = {
			isa = PBXGroup;
			children = (
				CDD095762640F1FF009DC7E0 /* Helpers */,
				CDD095622640F14B009DC7E0 /* UseCases */,
				CDD095552640F121009DC7E0 /* Validators */,
				CDD095482640F0DA009DC7E0 /* Views */,
				CDFAB139263A5255007F1D39 /* Presenters */,
				CDFAB0FA2630ED10007F1D39 /* Info.plist */,
			);
			path = PresentationTests;
			sourceTree = "<group>";
		};
		CDFAB126263A5140007F1D39 /* Views */ = {
			isa = PBXGroup;
			children = (
				CDFAB127263A514B007F1D39 /* AlertView.swift */,
				CDB08596263E5B85008106A1 /* LoadingView.swift */,
			);
			path = Views;
			sourceTree = "<group>";
		};
		CDFAB12E263A5166007F1D39 /* Presenters */ = {
			isa = PBXGroup;
			children = (
				CDD095292640EF67009DC7E0 /* SignUp */,
			);
			path = Presenters;
			sourceTree = "<group>";
		};
		CDFAB139263A5255007F1D39 /* Presenters */ = {
			isa = PBXGroup;
			children = (
				CDD0953D2640F08E009DC7E0 /* SignUp */,
			);
			path = Presenters;
			sourceTree = "<group>";
		};
		CDFAB144263A5445007F1D39 /* Validators */ = {
			isa = PBXGroup;
			children = (
				CDFAB145263A545C007F1D39 /* EmailValidator.swift */,
			);
			path = Validators;
			sourceTree = "<group>";
		};
/* End PBXGroup section */

/* Begin PBXHeadersBuildPhase section */
		CDD095832640F3A8009DC7E0 /* Headers */ = {
			isa = PBXHeadersBuildPhase;
			buildActionMask = 2147483647;
			files = (
			);
			runOnlyForDeploymentPostprocessing = 0;
		};
		CDD933EA26214437000AD8C0 /* Headers */ = {
			isa = PBXHeadersBuildPhase;
			buildActionMask = 2147483647;
			files = (
			);
			runOnlyForDeploymentPostprocessing = 0;
		};
		CDD933FF26214613000AD8C0 /* Headers */ = {
			isa = PBXHeadersBuildPhase;
			buildActionMask = 2147483647;
			files = (
			);
			runOnlyForDeploymentPostprocessing = 0;
		};
		CDED13DD26292A2B00FD7290 /* Headers */ = {
			isa = PBXHeadersBuildPhase;
			buildActionMask = 2147483647;
			files = (
			);
			runOnlyForDeploymentPostprocessing = 0;
		};
		CDFAB0E62630ED10007F1D39 /* Headers */ = {
			isa = PBXHeadersBuildPhase;
			buildActionMask = 2147483647;
			files = (
			);
			runOnlyForDeploymentPostprocessing = 0;
		};
/* End PBXHeadersBuildPhase section */

/* Begin PBXNativeTarget section */
		CDD095872640F3A8009DC7E0 /* UI */ = {
			isa = PBXNativeTarget;
			buildConfigurationList = CDD095992640F3A8009DC7E0 /* Build configuration list for PBXNativeTarget "UI" */;
			buildPhases = (
				CDD095832640F3A8009DC7E0 /* Headers */,
				CDD095842640F3A8009DC7E0 /* Sources */,
				CDD095852640F3A8009DC7E0 /* Frameworks */,
				CDD095862640F3A8009DC7E0 /* Resources */,
				CDD095BF2640F49D009DC7E0 /* Embed Frameworks */,
			);
			buildRules = (
			);
			dependencies = (
				CDD095BE2640F49D009DC7E0 /* PBXTargetDependency */,
			);
			name = UI;
			productName = UI;
			productReference = CDD095882640F3A8009DC7E0 /* UI.framework */;
			productType = "com.apple.product-type.framework";
		};
		CDD0958F2640F3A8009DC7E0 /* UITests */ = {
			isa = PBXNativeTarget;
			buildConfigurationList = CDD0959C2640F3A8009DC7E0 /* Build configuration list for PBXNativeTarget "UITests" */;
			buildPhases = (
				CDD0958C2640F3A8009DC7E0 /* Sources */,
				CDD0958D2640F3A8009DC7E0 /* Frameworks */,
				CDD0958E2640F3A8009DC7E0 /* Resources */,
			);
			buildRules = (
			);
			dependencies = (
				CDD095932640F3A8009DC7E0 /* PBXTargetDependency */,
			);
			name = UITests;
			productName = UITests;
			productReference = CDD095902640F3A8009DC7E0 /* UITests.xctest */;
			productType = "com.apple.product-type.bundle.unit-test";
		};
		CDD933EE26214437000AD8C0 /* Domain */ = {
			isa = PBXNativeTarget;
			buildConfigurationList = CDD933F426214437000AD8C0 /* Build configuration list for PBXNativeTarget "Domain" */;
			buildPhases = (
				CDD933EA26214437000AD8C0 /* Headers */,
				CDD933EB26214437000AD8C0 /* Sources */,
				CDD933EC26214437000AD8C0 /* Frameworks */,
				CDD933ED26214437000AD8C0 /* Resources */,
			);
			buildRules = (
			);
			dependencies = (
			);
			name = Domain;
			productName = Domain;
			productReference = CDD933EF26214437000AD8C0 /* Domain.framework */;
			productType = "com.apple.product-type.framework";
		};
		CDD9340326214613000AD8C0 /* Data */ = {
			isa = PBXNativeTarget;
			buildConfigurationList = CDD9341526214613000AD8C0 /* Build configuration list for PBXNativeTarget "Data" */;
			buildPhases = (
				CDD933FF26214613000AD8C0 /* Headers */,
				CDD9340026214613000AD8C0 /* Sources */,
				CDD9340126214613000AD8C0 /* Frameworks */,
				CDD9340226214613000AD8C0 /* Resources */,
				CDD9342626214659000AD8C0 /* Embed Frameworks */,
			);
			buildRules = (
			);
			dependencies = (
				CDD9342526214659000AD8C0 /* PBXTargetDependency */,
			);
			name = Data;
			productName = Data;
			productReference = CDD9340426214613000AD8C0 /* Data.framework */;
			productType = "com.apple.product-type.framework";
		};
		CDD9340B26214613000AD8C0 /* DataTests */ = {
			isa = PBXNativeTarget;
			buildConfigurationList = CDD9341826214613000AD8C0 /* Build configuration list for PBXNativeTarget "DataTests" */;
			buildPhases = (
				CDD9340826214613000AD8C0 /* Sources */,
				CDD9340926214613000AD8C0 /* Frameworks */,
				CDD9340A26214613000AD8C0 /* Resources */,
			);
			buildRules = (
			);
			dependencies = (
				CDD9340F26214613000AD8C0 /* PBXTargetDependency */,
			);
			name = DataTests;
			productName = DataTests;
			productReference = CDD9340C26214613000AD8C0 /* DataTests.xctest */;
			productType = "com.apple.product-type.bundle.unit-test";
		};
		CDED13E126292A2B00FD7290 /* Infra */ = {
			isa = PBXNativeTarget;
			buildConfigurationList = CDED13F326292A2C00FD7290 /* Build configuration list for PBXNativeTarget "Infra" */;
			buildPhases = (
				CDED13DD26292A2B00FD7290 /* Headers */,
				CDED13DE26292A2B00FD7290 /* Sources */,
				CDED13DF26292A2B00FD7290 /* Frameworks */,
				CDED13E026292A2B00FD7290 /* Resources */,
				CDED140926292AD100FD7290 /* Embed Frameworks */,
			);
			buildRules = (
			);
			dependencies = (
				CDED140826292AD100FD7290 /* PBXTargetDependency */,
			);
			name = Infra;
			packageProductDependencies = (
				CDED141A26292BC300FD7290 /* Alamofire */,
			);
			productName = Infra;
			productReference = CDED13E226292A2B00FD7290 /* Infra.framework */;
			productType = "com.apple.product-type.framework";
		};
		CDED13E926292A2C00FD7290 /* InfraTests */ = {
			isa = PBXNativeTarget;
			buildConfigurationList = CDED13F626292A2C00FD7290 /* Build configuration list for PBXNativeTarget "InfraTests" */;
			buildPhases = (
				CDED13E626292A2C00FD7290 /* Sources */,
				CDED13E726292A2C00FD7290 /* Frameworks */,
				CDED13E826292A2C00FD7290 /* Resources */,
			);
			buildRules = (
			);
			dependencies = (
				CDED13ED26292A2C00FD7290 /* PBXTargetDependency */,
			);
			name = InfraTests;
			productName = InfraTests;
			productReference = CDED13EA26292A2C00FD7290 /* InfraTests.xctest */;
			productType = "com.apple.product-type.bundle.unit-test";
		};
		CDFAB0CA2630E356007F1D39 /* UseCasesIntegrationTests */ = {
			isa = PBXNativeTarget;
			buildConfigurationList = CDFAB0D52630E356007F1D39 /* Build configuration list for PBXNativeTarget "UseCasesIntegrationTests" */;
			buildPhases = (
				CDFAB0C72630E356007F1D39 /* Sources */,
				CDFAB0C82630E356007F1D39 /* Frameworks */,
				CDFAB0C92630E356007F1D39 /* Resources */,
			);
			buildRules = (
			);
			dependencies = (
				CDFAB0DB2630E36D007F1D39 /* PBXTargetDependency */,
				CDFAB0DD2630E36D007F1D39 /* PBXTargetDependency */,
				CDFAB0D22630E356007F1D39 /* PBXTargetDependency */,
			);
			name = UseCasesIntegrationTests;
			productName = UseCasesIntegrationTests;
			productReference = CDFAB0CB2630E356007F1D39 /* UseCasesIntegrationTests.xctest */;
			productType = "com.apple.product-type.bundle.unit-test";
		};
		CDFAB0EA2630ED10007F1D39 /* Presentation */ = {
			isa = PBXNativeTarget;
			buildConfigurationList = CDFAB0FC2630ED10007F1D39 /* Build configuration list for PBXNativeTarget "Presentation" */;
			buildPhases = (
				CDFAB0E62630ED10007F1D39 /* Headers */,
				CDFAB0E72630ED10007F1D39 /* Sources */,
				CDFAB0E82630ED10007F1D39 /* Frameworks */,
				CDFAB0E92630ED10007F1D39 /* Resources */,
				CDFAB120263A50DF007F1D39 /* Embed Frameworks */,
			);
			buildRules = (
			);
			dependencies = (
				CDFAB11F263A50DF007F1D39 /* PBXTargetDependency */,
				CDB08584263E4FDB008106A1 /* PBXTargetDependency */,
			);
			name = Presentation;
			productName = Presentation;
			productReference = CDFAB0EB2630ED10007F1D39 /* Presentation.framework */;
			productType = "com.apple.product-type.framework";
		};
		CDFAB0F22630ED10007F1D39 /* PresentationTests */ = {
			isa = PBXNativeTarget;
			buildConfigurationList = CDFAB0FF2630ED10007F1D39 /* Build configuration list for PBXNativeTarget "PresentationTests" */;
			buildPhases = (
				CDFAB0EF2630ED10007F1D39 /* Sources */,
				CDFAB0F02630ED10007F1D39 /* Frameworks */,
				CDFAB0F12630ED10007F1D39 /* Resources */,
			);
			buildRules = (
			);
			dependencies = (
				CDFAB0F62630ED10007F1D39 /* PBXTargetDependency */,
			);
			name = PresentationTests;
			productName = PresentationTests;
			productReference = CDFAB0F32630ED10007F1D39 /* PresentationTests.xctest */;
			productType = "com.apple.product-type.bundle.unit-test";
		};
/* End PBXNativeTarget section */

/* Begin PBXProject section */
		CDD933D326213ED1000AD8C0 /* Project object */ = {
			isa = PBXProject;
			attributes = {
				LastSwiftUpdateCheck = 1220;
				LastUpgradeCheck = 1220;
				TargetAttributes = {
					CDD095872640F3A8009DC7E0 = {
						CreatedOnToolsVersion = 12.2;
					};
					CDD0958F2640F3A8009DC7E0 = {
						CreatedOnToolsVersion = 12.2;
					};
					CDD933EE26214437000AD8C0 = {
						CreatedOnToolsVersion = 12.2;
						LastSwiftMigration = 1220;
					};
					CDD9340326214613000AD8C0 = {
						CreatedOnToolsVersion = 12.2;
						LastSwiftMigration = 1220;
					};
					CDD9340B26214613000AD8C0 = {
						CreatedOnToolsVersion = 12.2;
					};
					CDED13E126292A2B00FD7290 = {
						CreatedOnToolsVersion = 12.2;
						LastSwiftMigration = 1220;
					};
					CDED13E926292A2C00FD7290 = {
						CreatedOnToolsVersion = 12.2;
					};
					CDFAB0CA2630E356007F1D39 = {
						CreatedOnToolsVersion = 12.2;
					};
					CDFAB0EA2630ED10007F1D39 = {
						CreatedOnToolsVersion = 12.2;
						LastSwiftMigration = 1220;
					};
					CDFAB0F22630ED10007F1D39 = {
						CreatedOnToolsVersion = 12.2;
					};
				};
			};
			buildConfigurationList = CDD933D626213ED1000AD8C0 /* Build configuration list for PBXProject "CleanAppTraining" */;
			compatibilityVersion = "Xcode 9.3";
			developmentRegion = en;
			hasScannedForEncodings = 0;
			knownRegions = (
				en,
				Base,
			);
			mainGroup = CDD933D226213ED1000AD8C0;
			packageReferences = (
				CDED141926292BC300FD7290 /* XCRemoteSwiftPackageReference "Alamofire" */,
			);
			productRefGroup = CDD933DD26213ED1000AD8C0 /* Products */;
			projectDirPath = "";
			projectRoot = "";
			targets = (
				CDD933EE26214437000AD8C0 /* Domain */,
				CDD9340326214613000AD8C0 /* Data */,
				CDD9340B26214613000AD8C0 /* DataTests */,
				CDED13E126292A2B00FD7290 /* Infra */,
				CDED13E926292A2C00FD7290 /* InfraTests */,
				CDFAB0CA2630E356007F1D39 /* UseCasesIntegrationTests */,
				CDFAB0EA2630ED10007F1D39 /* Presentation */,
				CDFAB0F22630ED10007F1D39 /* PresentationTests */,
				CDD095872640F3A8009DC7E0 /* UI */,
				CDD0958F2640F3A8009DC7E0 /* UITests */,
			);
		};
/* End PBXProject section */

/* Begin PBXResourcesBuildPhase section */
		CDD095862640F3A8009DC7E0 /* Resources */ = {
			isa = PBXResourcesBuildPhase;
			buildActionMask = 2147483647;
			files = (
			);
			runOnlyForDeploymentPostprocessing = 0;
		};
		CDD0958E2640F3A8009DC7E0 /* Resources */ = {
			isa = PBXResourcesBuildPhase;
			buildActionMask = 2147483647;
			files = (
			);
			runOnlyForDeploymentPostprocessing = 0;
		};
		CDD933ED26214437000AD8C0 /* Resources */ = {
			isa = PBXResourcesBuildPhase;
			buildActionMask = 2147483647;
			files = (
			);
			runOnlyForDeploymentPostprocessing = 0;
		};
		CDD9340226214613000AD8C0 /* Resources */ = {
			isa = PBXResourcesBuildPhase;
			buildActionMask = 2147483647;
			files = (
			);
			runOnlyForDeploymentPostprocessing = 0;
		};
		CDD9340A26214613000AD8C0 /* Resources */ = {
			isa = PBXResourcesBuildPhase;
			buildActionMask = 2147483647;
			files = (
			);
			runOnlyForDeploymentPostprocessing = 0;
		};
		CDED13E026292A2B00FD7290 /* Resources */ = {
			isa = PBXResourcesBuildPhase;
			buildActionMask = 2147483647;
			files = (
			);
			runOnlyForDeploymentPostprocessing = 0;
		};
		CDED13E826292A2C00FD7290 /* Resources */ = {
			isa = PBXResourcesBuildPhase;
			buildActionMask = 2147483647;
			files = (
			);
			runOnlyForDeploymentPostprocessing = 0;
		};
		CDFAB0C92630E356007F1D39 /* Resources */ = {
			isa = PBXResourcesBuildPhase;
			buildActionMask = 2147483647;
			files = (
			);
			runOnlyForDeploymentPostprocessing = 0;
		};
		CDFAB0E92630ED10007F1D39 /* Resources */ = {
			isa = PBXResourcesBuildPhase;
			buildActionMask = 2147483647;
			files = (
			);
			runOnlyForDeploymentPostprocessing = 0;
		};
		CDFAB0F12630ED10007F1D39 /* Resources */ = {
			isa = PBXResourcesBuildPhase;
			buildActionMask = 2147483647;
			files = (
			);
			runOnlyForDeploymentPostprocessing = 0;
		};
/* End PBXResourcesBuildPhase section */

/* Begin PBXSourcesBuildPhase section */
		CDD095842640F3A8009DC7E0 /* Sources */ = {
			isa = PBXSourcesBuildPhase;
			buildActionMask = 2147483647;
			files = (
			);
			runOnlyForDeploymentPostprocessing = 0;
		};
		CDD0958C2640F3A8009DC7E0 /* Sources */ = {
			isa = PBXSourcesBuildPhase;
			buildActionMask = 2147483647;
			files = (
				CDD095962640F3A8009DC7E0 /* SignUpViewControllerTests.swift in Sources */,
			);
			runOnlyForDeploymentPostprocessing = 0;
		};
		CDD933EB26214437000AD8C0 /* Sources */ = {
			isa = PBXSourcesBuildPhase;
			buildActionMask = 2147483647;
			files = (
				CDD9342C26215456000AD8C0 /* Model.swift in Sources */,
				CDD933FA2621447F000AD8C0 /* AddAccount.swift in Sources */,
				CD12071C26253F87009056FB /* DomainError.swift in Sources */,
				CDD933FD262145B7000AD8C0 /* AccountModel.swift in Sources */,
			);
			runOnlyForDeploymentPostprocessing = 0;
		};
		CDD9340026214613000AD8C0 /* Sources */ = {
			isa = PBXSourcesBuildPhase;
			buildActionMask = 2147483647;
			files = (
				CDD9343626215508000AD8C0 /* HttpPostClient.swift in Sources */,
				CD12072726268C0F009056FB /* ExtensionHelpers.swift in Sources */,
				CD120722262540E3009056FB /* HttpError.swift in Sources */,
				CDD93432262154CD000AD8C0 /* RemoteAddAccount.swift in Sources */,
			);
			runOnlyForDeploymentPostprocessing = 0;
		};
		CDD9340826214613000AD8C0 /* Sources */ = {
			isa = PBXSourcesBuildPhase;
			buildActionMask = 2147483647;
			files = (
				CDD9341226214613000AD8C0 /* RemoteAddAccountTests.swift in Sources */,
				CDED13D426291F5B00FD7290 /* HttpClientSpy.swift in Sources */,
				CDED13CF26291EE000FD7290 /* TestsFactories.swift in Sources */,
				CDED13DA26291F9D00FD7290 /* AccountModelFactory.swift in Sources */,
				CDED13C926291D5E00FD7290 /* TestExtension.swift in Sources */,
			);
			runOnlyForDeploymentPostprocessing = 0;
		};
		CDED13DE26292A2B00FD7290 /* Sources */ = {
			isa = PBXSourcesBuildPhase;
			buildActionMask = 2147483647;
			files = (
				CD54BAA2262D0092000F1B43 /* AlamofireAdapter.swift in Sources */,
			);
			runOnlyForDeploymentPostprocessing = 0;
		};
		CDED13E626292A2C00FD7290 /* Sources */ = {
			isa = PBXSourcesBuildPhase;
			buildActionMask = 2147483647;
			files = (
				CDED141326292B1900FD7290 /* AccountModelFactory.swift in Sources */,
				CDED141426292B1900FD7290 /* TestsFactories.swift in Sources */,
				CDED13F026292A2C00FD7290 /* AlamofireAdapterTests.swift in Sources */,
				CDED141526292B1900FD7290 /* TestExtension.swift in Sources */,
				CD54BAB5262D017B000F1B43 /* UrlProtocolStub.swift in Sources */,
			);
			runOnlyForDeploymentPostprocessing = 0;
		};
		CDFAB0C72630E356007F1D39 /* Sources */ = {
			isa = PBXSourcesBuildPhase;
			buildActionMask = 2147483647;
			files = (
				CDFAB0CE2630E356007F1D39 /* AddAccountIntegrationTests.swift in Sources */,
			);
			runOnlyForDeploymentPostprocessing = 0;
		};
		CDFAB0E72630ED10007F1D39 /* Sources */ = {
			isa = PBXSourcesBuildPhase;
			buildActionMask = 2147483647;
			files = (
				CDD095372640EFC4009DC7E0 /* SignUpMapper.swift in Sources */,
				CDFAB115263A50AC007F1D39 /* SignUpPresenter.swift in Sources */,
				CDB08597263E5B85008106A1 /* LoadingView.swift in Sources */,
				CDD095302640EF82009DC7E0 /* SignUpViewModel.swift in Sources */,
				CDFAB128263A514B007F1D39 /* AlertView.swift in Sources */,
				CDFAB146263A545C007F1D39 /* EmailValidator.swift in Sources */,
			);
			runOnlyForDeploymentPostprocessing = 0;
		};
		CDFAB0EF2630ED10007F1D39 /* Sources */ = {
			isa = PBXSourcesBuildPhase;
			buildActionMask = 2147483647;
			files = (
				CDD095702640F196009DC7E0 /* LoadingViewSpy.swift in Sources */,
				CDD095642640F159009DC7E0 /* AddAccountSpy.swift in Sources */,
				CDD095782640F20E009DC7E0 /* TestsFactories.swift in Sources */,
				CDD0954A2640F0E7009DC7E0 /* AlertViewSpy.swift in Sources */,
				CDB0858A263E52E6008106A1 /* AccountModelFactory.swift in Sources */,
				CDD095572640F12A009DC7E0 /* EmailValidatorSpy.swift in Sources */,
				CDB08590263E5972008106A1 /* TestExtension.swift in Sources */,
				CDFAB0F92630ED10007F1D39 /* SignupPresenterTests.swift in Sources */,
			);
			runOnlyForDeploymentPostprocessing = 0;
		};
/* End PBXSourcesBuildPhase section */

/* Begin PBXTargetDependency section */
		CDB08584263E4FDB008106A1 /* PBXTargetDependency */ = {
			isa = PBXTargetDependency;
			target = CDD9340326214613000AD8C0 /* Data */;
			targetProxy = CDB08583263E4FDB008106A1 /* PBXContainerItemProxy */;
		};
		CDD095932640F3A8009DC7E0 /* PBXTargetDependency */ = {
			isa = PBXTargetDependency;
			target = CDD095872640F3A8009DC7E0 /* UI */;
			targetProxy = CDD095922640F3A8009DC7E0 /* PBXContainerItemProxy */;
		};
		CDD095BE2640F49D009DC7E0 /* PBXTargetDependency */ = {
			isa = PBXTargetDependency;
			target = CDFAB0EA2630ED10007F1D39 /* Presentation */;
			targetProxy = CDD095BD2640F49D009DC7E0 /* PBXContainerItemProxy */;
		};
		CDD9340F26214613000AD8C0 /* PBXTargetDependency */ = {
			isa = PBXTargetDependency;
			target = CDD9340326214613000AD8C0 /* Data */;
			targetProxy = CDD9340E26214613000AD8C0 /* PBXContainerItemProxy */;
		};
		CDD9342526214659000AD8C0 /* PBXTargetDependency */ = {
			isa = PBXTargetDependency;
			target = CDD933EE26214437000AD8C0 /* Domain */;
			targetProxy = CDD9342426214659000AD8C0 /* PBXContainerItemProxy */;
		};
		CDED13ED26292A2C00FD7290 /* PBXTargetDependency */ = {
			isa = PBXTargetDependency;
			target = CDED13E126292A2B00FD7290 /* Infra */;
			targetProxy = CDED13EC26292A2C00FD7290 /* PBXContainerItemProxy */;
		};
		CDED140826292AD100FD7290 /* PBXTargetDependency */ = {
			isa = PBXTargetDependency;
			target = CDD9340326214613000AD8C0 /* Data */;
			targetProxy = CDED140726292AD100FD7290 /* PBXContainerItemProxy */;
		};
		CDFAB0D22630E356007F1D39 /* PBXTargetDependency */ = {
			isa = PBXTargetDependency;
			target = CDD9340326214613000AD8C0 /* Data */;
			targetProxy = CDFAB0D12630E356007F1D39 /* PBXContainerItemProxy */;
		};
		CDFAB0DB2630E36D007F1D39 /* PBXTargetDependency */ = {
			isa = PBXTargetDependency;
			target = CDD933EE26214437000AD8C0 /* Domain */;
			targetProxy = CDFAB0DA2630E36D007F1D39 /* PBXContainerItemProxy */;
		};
		CDFAB0DD2630E36D007F1D39 /* PBXTargetDependency */ = {
			isa = PBXTargetDependency;
			target = CDED13E126292A2B00FD7290 /* Infra */;
			targetProxy = CDFAB0DC2630E36D007F1D39 /* PBXContainerItemProxy */;
		};
		CDFAB0F62630ED10007F1D39 /* PBXTargetDependency */ = {
			isa = PBXTargetDependency;
			target = CDFAB0EA2630ED10007F1D39 /* Presentation */;
			targetProxy = CDFAB0F52630ED10007F1D39 /* PBXContainerItemProxy */;
		};
		CDFAB11F263A50DF007F1D39 /* PBXTargetDependency */ = {
			isa = PBXTargetDependency;
			target = CDD933EE26214437000AD8C0 /* Domain */;
			targetProxy = CDFAB11E263A50DF007F1D39 /* PBXContainerItemProxy */;
		};
/* End PBXTargetDependency section */

/* Begin XCBuildConfiguration section */
		CDD0959A2640F3A8009DC7E0 /* Debug */ = {
			isa = XCBuildConfiguration;
			buildSettings = {
				CODE_SIGN_STYLE = Automatic;
				COMBINE_HIDPI_IMAGES = YES;
				DEFINES_MODULE = YES;
				DEVELOPMENT_TEAM = L682628XMT;
				DYLIB_COMPATIBILITY_VERSION = 1;
				DYLIB_CURRENT_VERSION = 1;
				DYLIB_INSTALL_NAME_BASE = "@rpath";
				INFOPLIST_FILE = UI/Info.plist;
				INSTALL_PATH = "$(LOCAL_LIBRARY_DIR)/Frameworks";
				LD_RUNPATH_SEARCH_PATHS = (
					"$(inherited)",
					"@executable_path/../Frameworks",
					"@loader_path/Frameworks",
				);
				MACOSX_DEPLOYMENT_TARGET = 11.0;
				PRODUCT_BUNDLE_IDENTIFIER = dev.marcosbarbosa.UI;
				PRODUCT_NAME = "$(TARGET_NAME:c99extidentifier)";
				SDKROOT = macosx;
				SKIP_INSTALL = YES;
				SUPPORTED_PLATFORMS = "macosx iphonesimulator iphoneos";
				SWIFT_VERSION = 5.0;
			};
			name = Debug;
		};
		CDD0959B2640F3A8009DC7E0 /* Release */ = {
			isa = XCBuildConfiguration;
			buildSettings = {
				CODE_SIGN_STYLE = Automatic;
				COMBINE_HIDPI_IMAGES = YES;
				DEFINES_MODULE = YES;
				DEVELOPMENT_TEAM = L682628XMT;
				DYLIB_COMPATIBILITY_VERSION = 1;
				DYLIB_CURRENT_VERSION = 1;
				DYLIB_INSTALL_NAME_BASE = "@rpath";
				INFOPLIST_FILE = UI/Info.plist;
				INSTALL_PATH = "$(LOCAL_LIBRARY_DIR)/Frameworks";
				LD_RUNPATH_SEARCH_PATHS = (
					"$(inherited)",
					"@executable_path/../Frameworks",
					"@loader_path/Frameworks",
				);
				MACOSX_DEPLOYMENT_TARGET = 11.0;
				PRODUCT_BUNDLE_IDENTIFIER = dev.marcosbarbosa.UI;
				PRODUCT_NAME = "$(TARGET_NAME:c99extidentifier)";
				SDKROOT = macosx;
				SKIP_INSTALL = YES;
				SUPPORTED_PLATFORMS = "macosx iphonesimulator iphoneos";
				SWIFT_VERSION = 5.0;
			};
			name = Release;
		};
		CDD0959D2640F3A8009DC7E0 /* Debug */ = {
			isa = XCBuildConfiguration;
			buildSettings = {
				CODE_SIGN_STYLE = Automatic;
				COMBINE_HIDPI_IMAGES = YES;
				DEVELOPMENT_TEAM = L682628XMT;
				INFOPLIST_FILE = UITests/Info.plist;
				LD_RUNPATH_SEARCH_PATHS = (
					"$(inherited)",
					"@executable_path/../Frameworks",
					"@loader_path/../Frameworks",
				);
				MACOSX_DEPLOYMENT_TARGET = 11.0;
				PRODUCT_BUNDLE_IDENTIFIER = dev.marcosbarbosa.UITests;
				PRODUCT_NAME = "$(TARGET_NAME)";
				SDKROOT = macosx;
				SUPPORTED_PLATFORMS = "macosx iphoneos iphonesimulator";
				SWIFT_VERSION = 5.0;
			};
			name = Debug;
		};
		CDD0959E2640F3A8009DC7E0 /* Release */ = {
			isa = XCBuildConfiguration;
			buildSettings = {
				CODE_SIGN_STYLE = Automatic;
				COMBINE_HIDPI_IMAGES = YES;
				DEVELOPMENT_TEAM = L682628XMT;
				INFOPLIST_FILE = UITests/Info.plist;
				LD_RUNPATH_SEARCH_PATHS = (
					"$(inherited)",
					"@executable_path/../Frameworks",
					"@loader_path/../Frameworks",
				);
				MACOSX_DEPLOYMENT_TARGET = 11.0;
				PRODUCT_BUNDLE_IDENTIFIER = dev.marcosbarbosa.UITests;
				PRODUCT_NAME = "$(TARGET_NAME)";
				SDKROOT = macosx;
				SUPPORTED_PLATFORMS = "macosx iphoneos iphonesimulator";
				SWIFT_VERSION = 5.0;
			};
			name = Release;
		};
		CDD933E226213ED1000AD8C0 /* Debug */ = {
			isa = XCBuildConfiguration;
			buildSettings = {
				ALWAYS_SEARCH_USER_PATHS = NO;
				CLANG_ANALYZER_NONNULL = YES;
				CLANG_ANALYZER_NUMBER_OBJECT_CONVERSION = YES_AGGRESSIVE;
				CLANG_CXX_LANGUAGE_STANDARD = "gnu++14";
				CLANG_CXX_LIBRARY = "libc++";
				CLANG_ENABLE_MODULES = YES;
				CLANG_ENABLE_OBJC_ARC = YES;
				CLANG_ENABLE_OBJC_WEAK = YES;
				CLANG_WARN_BLOCK_CAPTURE_AUTORELEASING = YES;
				CLANG_WARN_BOOL_CONVERSION = YES;
				CLANG_WARN_COMMA = YES;
				CLANG_WARN_CONSTANT_CONVERSION = YES;
				CLANG_WARN_DEPRECATED_OBJC_IMPLEMENTATIONS = YES;
				CLANG_WARN_DIRECT_OBJC_ISA_USAGE = YES_ERROR;
				CLANG_WARN_DOCUMENTATION_COMMENTS = YES;
				CLANG_WARN_EMPTY_BODY = YES;
				CLANG_WARN_ENUM_CONVERSION = YES;
				CLANG_WARN_INFINITE_RECURSION = YES;
				CLANG_WARN_INT_CONVERSION = YES;
				CLANG_WARN_NON_LITERAL_NULL_CONVERSION = YES;
				CLANG_WARN_OBJC_IMPLICIT_RETAIN_SELF = YES;
				CLANG_WARN_OBJC_LITERAL_CONVERSION = YES;
				CLANG_WARN_OBJC_ROOT_CLASS = YES_ERROR;
				CLANG_WARN_QUOTED_INCLUDE_IN_FRAMEWORK_HEADER = YES;
				CLANG_WARN_RANGE_LOOP_ANALYSIS = YES;
				CLANG_WARN_STRICT_PROTOTYPES = YES;
				CLANG_WARN_SUSPICIOUS_MOVE = YES;
				CLANG_WARN_UNGUARDED_AVAILABILITY = YES_AGGRESSIVE;
				CLANG_WARN_UNREACHABLE_CODE = YES;
				CLANG_WARN__DUPLICATE_METHOD_MATCH = YES;
				COPY_PHASE_STRIP = NO;
				CURRENT_PROJECT_VERSION = 1;
				DEBUG_INFORMATION_FORMAT = dwarf;
				ENABLE_STRICT_OBJC_MSGSEND = YES;
				ENABLE_TESTABILITY = YES;
				GCC_C_LANGUAGE_STANDARD = gnu11;
				GCC_DYNAMIC_NO_PIC = NO;
				GCC_NO_COMMON_BLOCKS = YES;
				GCC_OPTIMIZATION_LEVEL = 0;
				GCC_PREPROCESSOR_DEFINITIONS = (
					"DEBUG=1",
					"$(inherited)",
				);
				GCC_WARN_64_TO_32_BIT_CONVERSION = YES;
				GCC_WARN_ABOUT_RETURN_TYPE = YES_ERROR;
				GCC_WARN_UNDECLARED_SELECTOR = YES;
				GCC_WARN_UNINITIALIZED_AUTOS = YES_AGGRESSIVE;
				GCC_WARN_UNUSED_FUNCTION = YES;
				GCC_WARN_UNUSED_VARIABLE = YES;
				IPHONEOS_DEPLOYMENT_TARGET = 14.2;
				MTL_ENABLE_DEBUG_INFO = INCLUDE_SOURCE;
				MTL_FAST_MATH = YES;
				ONLY_ACTIVE_ARCH = YES;
				SDKROOT = iphoneos;
				SWIFT_ACTIVE_COMPILATION_CONDITIONS = DEBUG;
				SWIFT_OPTIMIZATION_LEVEL = "-Onone";
				VERSIONING_SYSTEM = "apple-generic";
				VERSION_INFO_PREFIX = "";
			};
			name = Debug;
		};
		CDD933E326213ED1000AD8C0 /* Release */ = {
			isa = XCBuildConfiguration;
			buildSettings = {
				ALWAYS_SEARCH_USER_PATHS = NO;
				CLANG_ANALYZER_NONNULL = YES;
				CLANG_ANALYZER_NUMBER_OBJECT_CONVERSION = YES_AGGRESSIVE;
				CLANG_CXX_LANGUAGE_STANDARD = "gnu++14";
				CLANG_CXX_LIBRARY = "libc++";
				CLANG_ENABLE_MODULES = YES;
				CLANG_ENABLE_OBJC_ARC = YES;
				CLANG_ENABLE_OBJC_WEAK = YES;
				CLANG_WARN_BLOCK_CAPTURE_AUTORELEASING = YES;
				CLANG_WARN_BOOL_CONVERSION = YES;
				CLANG_WARN_COMMA = YES;
				CLANG_WARN_CONSTANT_CONVERSION = YES;
				CLANG_WARN_DEPRECATED_OBJC_IMPLEMENTATIONS = YES;
				CLANG_WARN_DIRECT_OBJC_ISA_USAGE = YES_ERROR;
				CLANG_WARN_DOCUMENTATION_COMMENTS = YES;
				CLANG_WARN_EMPTY_BODY = YES;
				CLANG_WARN_ENUM_CONVERSION = YES;
				CLANG_WARN_INFINITE_RECURSION = YES;
				CLANG_WARN_INT_CONVERSION = YES;
				CLANG_WARN_NON_LITERAL_NULL_CONVERSION = YES;
				CLANG_WARN_OBJC_IMPLICIT_RETAIN_SELF = YES;
				CLANG_WARN_OBJC_LITERAL_CONVERSION = YES;
				CLANG_WARN_OBJC_ROOT_CLASS = YES_ERROR;
				CLANG_WARN_QUOTED_INCLUDE_IN_FRAMEWORK_HEADER = YES;
				CLANG_WARN_RANGE_LOOP_ANALYSIS = YES;
				CLANG_WARN_STRICT_PROTOTYPES = YES;
				CLANG_WARN_SUSPICIOUS_MOVE = YES;
				CLANG_WARN_UNGUARDED_AVAILABILITY = YES_AGGRESSIVE;
				CLANG_WARN_UNREACHABLE_CODE = YES;
				CLANG_WARN__DUPLICATE_METHOD_MATCH = YES;
				COPY_PHASE_STRIP = NO;
				CURRENT_PROJECT_VERSION = 1;
				DEBUG_INFORMATION_FORMAT = "dwarf-with-dsym";
				ENABLE_NS_ASSERTIONS = NO;
				ENABLE_STRICT_OBJC_MSGSEND = YES;
				GCC_C_LANGUAGE_STANDARD = gnu11;
				GCC_NO_COMMON_BLOCKS = YES;
				GCC_WARN_64_TO_32_BIT_CONVERSION = YES;
				GCC_WARN_ABOUT_RETURN_TYPE = YES_ERROR;
				GCC_WARN_UNDECLARED_SELECTOR = YES;
				GCC_WARN_UNINITIALIZED_AUTOS = YES_AGGRESSIVE;
				GCC_WARN_UNUSED_FUNCTION = YES;
				GCC_WARN_UNUSED_VARIABLE = YES;
				IPHONEOS_DEPLOYMENT_TARGET = 14.2;
				MTL_ENABLE_DEBUG_INFO = NO;
				MTL_FAST_MATH = YES;
				SDKROOT = iphoneos;
				SWIFT_COMPILATION_MODE = wholemodule;
				SWIFT_OPTIMIZATION_LEVEL = "-O";
				VALIDATE_PRODUCT = YES;
				VERSIONING_SYSTEM = "apple-generic";
				VERSION_INFO_PREFIX = "";
			};
			name = Release;
		};
		CDD933F526214437000AD8C0 /* Debug */ = {
			isa = XCBuildConfiguration;
			buildSettings = {
				CLANG_ENABLE_MODULES = YES;
				CODE_SIGN_STYLE = Automatic;
				COMBINE_HIDPI_IMAGES = YES;
				DEFINES_MODULE = YES;
				DEVELOPMENT_TEAM = L682628XMT;
				DYLIB_COMPATIBILITY_VERSION = 1;
				DYLIB_CURRENT_VERSION = 1;
				DYLIB_INSTALL_NAME_BASE = "@rpath";
				INFOPLIST_FILE = Domain/Info.plist;
				INSTALL_PATH = "$(LOCAL_LIBRARY_DIR)/Frameworks";
				LD_RUNPATH_SEARCH_PATHS = (
					"$(inherited)",
					"@executable_path/../Frameworks",
					"@loader_path/Frameworks",
				);
				MACOSX_DEPLOYMENT_TARGET = 11.0;
				PRODUCT_BUNDLE_IDENTIFIER = dev.marcosbarbosa.Domain;
				PRODUCT_NAME = "$(TARGET_NAME:c99extidentifier)";
				SDKROOT = macosx;
				SKIP_INSTALL = YES;
				SUPPORTED_PLATFORMS = "macosx iphoneos iphonesimulator";
				SWIFT_OPTIMIZATION_LEVEL = "-Onone";
				SWIFT_VERSION = 5.0;
			};
			name = Debug;
		};
		CDD933F626214437000AD8C0 /* Release */ = {
			isa = XCBuildConfiguration;
			buildSettings = {
				CLANG_ENABLE_MODULES = YES;
				CODE_SIGN_STYLE = Automatic;
				COMBINE_HIDPI_IMAGES = YES;
				DEFINES_MODULE = YES;
				DEVELOPMENT_TEAM = L682628XMT;
				DYLIB_COMPATIBILITY_VERSION = 1;
				DYLIB_CURRENT_VERSION = 1;
				DYLIB_INSTALL_NAME_BASE = "@rpath";
				INFOPLIST_FILE = Domain/Info.plist;
				INSTALL_PATH = "$(LOCAL_LIBRARY_DIR)/Frameworks";
				LD_RUNPATH_SEARCH_PATHS = (
					"$(inherited)",
					"@executable_path/../Frameworks",
					"@loader_path/Frameworks",
				);
				MACOSX_DEPLOYMENT_TARGET = 11.0;
				PRODUCT_BUNDLE_IDENTIFIER = dev.marcosbarbosa.Domain;
				PRODUCT_NAME = "$(TARGET_NAME:c99extidentifier)";
				SDKROOT = macosx;
				SKIP_INSTALL = YES;
				SUPPORTED_PLATFORMS = "macosx iphoneos iphonesimulator";
				SWIFT_VERSION = 5.0;
			};
			name = Release;
		};
		CDD9341626214613000AD8C0 /* Debug */ = {
			isa = XCBuildConfiguration;
			buildSettings = {
				CLANG_ENABLE_MODULES = YES;
				CODE_SIGN_STYLE = Automatic;
				COMBINE_HIDPI_IMAGES = YES;
				DEFINES_MODULE = YES;
				DEVELOPMENT_TEAM = L682628XMT;
				DYLIB_COMPATIBILITY_VERSION = 1;
				DYLIB_CURRENT_VERSION = 1;
				DYLIB_INSTALL_NAME_BASE = "@rpath";
				INFOPLIST_FILE = Data/Info.plist;
				INSTALL_PATH = "$(LOCAL_LIBRARY_DIR)/Frameworks";
				LD_RUNPATH_SEARCH_PATHS = (
					"$(inherited)",
					"@executable_path/../Frameworks",
					"@loader_path/Frameworks",
				);
				MACOSX_DEPLOYMENT_TARGET = 11.0;
				PRODUCT_BUNDLE_IDENTIFIER = dev.marcosbarbosa.Data;
				PRODUCT_NAME = "$(TARGET_NAME:c99extidentifier)";
				SDKROOT = macosx;
				SKIP_INSTALL = YES;
				SUPPORTED_PLATFORMS = "macosx iphoneos iphonesimulator";
				SWIFT_OPTIMIZATION_LEVEL = "-Onone";
				SWIFT_VERSION = 5.0;
			};
			name = Debug;
		};
		CDD9341726214613000AD8C0 /* Release */ = {
			isa = XCBuildConfiguration;
			buildSettings = {
				CLANG_ENABLE_MODULES = YES;
				CODE_SIGN_STYLE = Automatic;
				COMBINE_HIDPI_IMAGES = YES;
				DEFINES_MODULE = YES;
				DEVELOPMENT_TEAM = L682628XMT;
				DYLIB_COMPATIBILITY_VERSION = 1;
				DYLIB_CURRENT_VERSION = 1;
				DYLIB_INSTALL_NAME_BASE = "@rpath";
				INFOPLIST_FILE = Data/Info.plist;
				INSTALL_PATH = "$(LOCAL_LIBRARY_DIR)/Frameworks";
				LD_RUNPATH_SEARCH_PATHS = (
					"$(inherited)",
					"@executable_path/../Frameworks",
					"@loader_path/Frameworks",
				);
				MACOSX_DEPLOYMENT_TARGET = 11.0;
				PRODUCT_BUNDLE_IDENTIFIER = dev.marcosbarbosa.Data;
				PRODUCT_NAME = "$(TARGET_NAME:c99extidentifier)";
				SDKROOT = macosx;
				SKIP_INSTALL = YES;
				SUPPORTED_PLATFORMS = "macosx iphoneos iphonesimulator";
				SWIFT_VERSION = 5.0;
			};
			name = Release;
		};
		CDD9341926214613000AD8C0 /* Debug */ = {
			isa = XCBuildConfiguration;
			buildSettings = {
				ALWAYS_EMBED_SWIFT_STANDARD_LIBRARIES = YES;
				CODE_SIGN_STYLE = Automatic;
				COMBINE_HIDPI_IMAGES = YES;
				DEVELOPMENT_TEAM = L682628XMT;
				INFOPLIST_FILE = DataTests/Info.plist;
				LD_RUNPATH_SEARCH_PATHS = (
					"$(inherited)",
					"@executable_path/../Frameworks",
					"@loader_path/../Frameworks",
				);
				MACOSX_DEPLOYMENT_TARGET = 11.0;
				PRODUCT_BUNDLE_IDENTIFIER = dev.marcosbarbosa.DataTests;
				PRODUCT_NAME = "$(TARGET_NAME)";
				SDKROOT = macosx;
				SUPPORTED_PLATFORMS = "macosx iphoneos iphonesimulator";
				SWIFT_VERSION = 5.0;
			};
			name = Debug;
		};
		CDD9341A26214613000AD8C0 /* Release */ = {
			isa = XCBuildConfiguration;
			buildSettings = {
				ALWAYS_EMBED_SWIFT_STANDARD_LIBRARIES = YES;
				CODE_SIGN_STYLE = Automatic;
				COMBINE_HIDPI_IMAGES = YES;
				DEVELOPMENT_TEAM = L682628XMT;
				INFOPLIST_FILE = DataTests/Info.plist;
				LD_RUNPATH_SEARCH_PATHS = (
					"$(inherited)",
					"@executable_path/../Frameworks",
					"@loader_path/../Frameworks",
				);
				MACOSX_DEPLOYMENT_TARGET = 11.0;
				PRODUCT_BUNDLE_IDENTIFIER = dev.marcosbarbosa.DataTests;
				PRODUCT_NAME = "$(TARGET_NAME)";
				SDKROOT = macosx;
				SUPPORTED_PLATFORMS = "macosx iphoneos iphonesimulator";
				SWIFT_VERSION = 5.0;
			};
			name = Release;
		};
		CDED13F426292A2C00FD7290 /* Debug */ = {
			isa = XCBuildConfiguration;
			buildSettings = {
				CLANG_ENABLE_MODULES = YES;
				CODE_SIGN_STYLE = Automatic;
				COMBINE_HIDPI_IMAGES = YES;
				DEFINES_MODULE = YES;
				DEVELOPMENT_TEAM = L682628XMT;
				DYLIB_COMPATIBILITY_VERSION = 1;
				DYLIB_CURRENT_VERSION = 1;
				DYLIB_INSTALL_NAME_BASE = "@rpath";
				INFOPLIST_FILE = Infra/Info.plist;
				INSTALL_PATH = "$(LOCAL_LIBRARY_DIR)/Frameworks";
				LD_RUNPATH_SEARCH_PATHS = (
					"$(inherited)",
					"@executable_path/../Frameworks",
					"@loader_path/Frameworks",
				);
				MACOSX_DEPLOYMENT_TARGET = 11.0;
				PRODUCT_BUNDLE_IDENTIFIER = dev.marcosbarbosa.Infra;
				PRODUCT_NAME = "$(TARGET_NAME:c99extidentifier)";
				SDKROOT = macosx;
				SKIP_INSTALL = YES;
				SUPPORTED_PLATFORMS = "macosx iphoneos iphonesimulator";
				SWIFT_OPTIMIZATION_LEVEL = "-Onone";
				SWIFT_VERSION = 5.0;
			};
			name = Debug;
		};
		CDED13F526292A2C00FD7290 /* Release */ = {
			isa = XCBuildConfiguration;
			buildSettings = {
				CLANG_ENABLE_MODULES = YES;
				CODE_SIGN_STYLE = Automatic;
				COMBINE_HIDPI_IMAGES = YES;
				DEFINES_MODULE = YES;
				DEVELOPMENT_TEAM = L682628XMT;
				DYLIB_COMPATIBILITY_VERSION = 1;
				DYLIB_CURRENT_VERSION = 1;
				DYLIB_INSTALL_NAME_BASE = "@rpath";
				INFOPLIST_FILE = Infra/Info.plist;
				INSTALL_PATH = "$(LOCAL_LIBRARY_DIR)/Frameworks";
				LD_RUNPATH_SEARCH_PATHS = (
					"$(inherited)",
					"@executable_path/../Frameworks",
					"@loader_path/Frameworks",
				);
				MACOSX_DEPLOYMENT_TARGET = 11.0;
				PRODUCT_BUNDLE_IDENTIFIER = dev.marcosbarbosa.Infra;
				PRODUCT_NAME = "$(TARGET_NAME:c99extidentifier)";
				SDKROOT = macosx;
				SKIP_INSTALL = YES;
				SUPPORTED_PLATFORMS = "macosx iphoneos iphonesimulator";
				SWIFT_VERSION = 5.0;
			};
			name = Release;
		};
		CDED13F726292A2C00FD7290 /* Debug */ = {
			isa = XCBuildConfiguration;
			buildSettings = {
				ALWAYS_EMBED_SWIFT_STANDARD_LIBRARIES = YES;
				CODE_SIGN_STYLE = Automatic;
				COMBINE_HIDPI_IMAGES = YES;
				DEVELOPMENT_TEAM = L682628XMT;
				INFOPLIST_FILE = InfraTests/Info.plist;
				LD_RUNPATH_SEARCH_PATHS = (
					"$(inherited)",
					"@executable_path/../Frameworks",
					"@loader_path/../Frameworks",
				);
				MACOSX_DEPLOYMENT_TARGET = 11.0;
				PRODUCT_BUNDLE_IDENTIFIER = dev.marcosbarbosa.InfraTests;
				PRODUCT_NAME = "$(TARGET_NAME)";
				SDKROOT = macosx;
				SUPPORTED_PLATFORMS = "macosx iphoneos iphonesimulator";
				SWIFT_VERSION = 5.0;
			};
			name = Debug;
		};
		CDED13F826292A2C00FD7290 /* Release */ = {
			isa = XCBuildConfiguration;
			buildSettings = {
				ALWAYS_EMBED_SWIFT_STANDARD_LIBRARIES = YES;
				CODE_SIGN_STYLE = Automatic;
				COMBINE_HIDPI_IMAGES = YES;
				DEVELOPMENT_TEAM = L682628XMT;
				INFOPLIST_FILE = InfraTests/Info.plist;
				LD_RUNPATH_SEARCH_PATHS = (
					"$(inherited)",
					"@executable_path/../Frameworks",
					"@loader_path/../Frameworks",
				);
				MACOSX_DEPLOYMENT_TARGET = 11.0;
				PRODUCT_BUNDLE_IDENTIFIER = dev.marcosbarbosa.InfraTests;
				PRODUCT_NAME = "$(TARGET_NAME)";
				SDKROOT = macosx;
				SUPPORTED_PLATFORMS = "macosx iphoneos iphonesimulator";
				SWIFT_VERSION = 5.0;
			};
			name = Release;
		};
		CDFAB0D32630E356007F1D39 /* Debug */ = {
			isa = XCBuildConfiguration;
			buildSettings = {
				CODE_SIGN_STYLE = Automatic;
				COMBINE_HIDPI_IMAGES = YES;
				DEVELOPMENT_TEAM = L682628XMT;
				INFOPLIST_FILE = UseCasesIntegrationTests/Info.plist;
				LD_RUNPATH_SEARCH_PATHS = (
					"$(inherited)",
					"@executable_path/../Frameworks",
					"@loader_path/../Frameworks",
				);
				MACOSX_DEPLOYMENT_TARGET = 11.0;
				PRODUCT_BUNDLE_IDENTIFIER = dev.marcosbarbosa.UseCasesIntegrationTests;
				PRODUCT_NAME = "$(TARGET_NAME)";
				SDKROOT = macosx;
				SUPPORTED_PLATFORMS = "macosx iphoneos iphonesimulator";
				SWIFT_VERSION = 5.0;
			};
			name = Debug;
		};
		CDFAB0D42630E356007F1D39 /* Release */ = {
			isa = XCBuildConfiguration;
			buildSettings = {
				CODE_SIGN_STYLE = Automatic;
				COMBINE_HIDPI_IMAGES = YES;
				DEVELOPMENT_TEAM = L682628XMT;
				INFOPLIST_FILE = UseCasesIntegrationTests/Info.plist;
				LD_RUNPATH_SEARCH_PATHS = (
					"$(inherited)",
					"@executable_path/../Frameworks",
					"@loader_path/../Frameworks",
				);
				MACOSX_DEPLOYMENT_TARGET = 11.0;
				PRODUCT_BUNDLE_IDENTIFIER = dev.marcosbarbosa.UseCasesIntegrationTests;
				PRODUCT_NAME = "$(TARGET_NAME)";
				SDKROOT = macosx;
				SUPPORTED_PLATFORMS = "macosx iphoneos iphonesimulator";
				SWIFT_VERSION = 5.0;
			};
			name = Release;
		};
		CDFAB0FD2630ED10007F1D39 /* Debug */ = {
			isa = XCBuildConfiguration;
			buildSettings = {
				CLANG_ENABLE_MODULES = YES;
				CODE_SIGN_STYLE = Automatic;
				COMBINE_HIDPI_IMAGES = YES;
				DEFINES_MODULE = YES;
				DEVELOPMENT_TEAM = L682628XMT;
				DYLIB_COMPATIBILITY_VERSION = 1;
				DYLIB_CURRENT_VERSION = 1;
				DYLIB_INSTALL_NAME_BASE = "@rpath";
				INFOPLIST_FILE = Presentation/Info.plist;
				INSTALL_PATH = "$(LOCAL_LIBRARY_DIR)/Frameworks";
				LD_RUNPATH_SEARCH_PATHS = (
					"$(inherited)",
					"@executable_path/../Frameworks",
					"@loader_path/Frameworks",
				);
				MACOSX_DEPLOYMENT_TARGET = 11.0;
				PRODUCT_BUNDLE_IDENTIFIER = dev.marcosbarbosa.Presentation;
				PRODUCT_NAME = "$(TARGET_NAME:c99extidentifier)";
				SDKROOT = macosx;
				SKIP_INSTALL = YES;
				SUPPORTED_PLATFORMS = "macosx iphonesimulator iphoneos";
				SWIFT_OPTIMIZATION_LEVEL = "-Onone";
				SWIFT_VERSION = 5.0;
			};
			name = Debug;
		};
		CDFAB0FE2630ED10007F1D39 /* Release */ = {
			isa = XCBuildConfiguration;
			buildSettings = {
				CLANG_ENABLE_MODULES = YES;
				CODE_SIGN_STYLE = Automatic;
				COMBINE_HIDPI_IMAGES = YES;
				DEFINES_MODULE = YES;
				DEVELOPMENT_TEAM = L682628XMT;
				DYLIB_COMPATIBILITY_VERSION = 1;
				DYLIB_CURRENT_VERSION = 1;
				DYLIB_INSTALL_NAME_BASE = "@rpath";
				INFOPLIST_FILE = Presentation/Info.plist;
				INSTALL_PATH = "$(LOCAL_LIBRARY_DIR)/Frameworks";
				LD_RUNPATH_SEARCH_PATHS = (
					"$(inherited)",
					"@executable_path/../Frameworks",
					"@loader_path/Frameworks",
				);
				MACOSX_DEPLOYMENT_TARGET = 11.0;
				PRODUCT_BUNDLE_IDENTIFIER = dev.marcosbarbosa.Presentation;
				PRODUCT_NAME = "$(TARGET_NAME:c99extidentifier)";
				SDKROOT = macosx;
				SKIP_INSTALL = YES;
				SUPPORTED_PLATFORMS = "macosx iphonesimulator iphoneos";
				SWIFT_VERSION = 5.0;
			};
			name = Release;
		};
		CDFAB1002630ED10007F1D39 /* Debug */ = {
			isa = XCBuildConfiguration;
			buildSettings = {
				ALWAYS_EMBED_SWIFT_STANDARD_LIBRARIES = YES;
				CODE_SIGN_STYLE = Automatic;
				COMBINE_HIDPI_IMAGES = YES;
				DEVELOPMENT_TEAM = L682628XMT;
				INFOPLIST_FILE = PresentationTests/Info.plist;
				LD_RUNPATH_SEARCH_PATHS = (
					"$(inherited)",
					"@executable_path/../Frameworks",
					"@loader_path/../Frameworks",
				);
				MACOSX_DEPLOYMENT_TARGET = 11.0;
				PRODUCT_BUNDLE_IDENTIFIER = dev.marcosbarbosa.PresentationTests;
				PRODUCT_NAME = "$(TARGET_NAME)";
				SDKROOT = macosx;
				SUPPORTED_PLATFORMS = "macosx iphoneos iphonesimulator";
				SWIFT_VERSION = 5.0;
			};
			name = Debug;
		};
		CDFAB1012630ED10007F1D39 /* Release */ = {
			isa = XCBuildConfiguration;
			buildSettings = {
				ALWAYS_EMBED_SWIFT_STANDARD_LIBRARIES = YES;
				CODE_SIGN_STYLE = Automatic;
				COMBINE_HIDPI_IMAGES = YES;
				DEVELOPMENT_TEAM = L682628XMT;
				INFOPLIST_FILE = PresentationTests/Info.plist;
				LD_RUNPATH_SEARCH_PATHS = (
					"$(inherited)",
					"@executable_path/../Frameworks",
					"@loader_path/../Frameworks",
				);
				MACOSX_DEPLOYMENT_TARGET = 11.0;
				PRODUCT_BUNDLE_IDENTIFIER = dev.marcosbarbosa.PresentationTests;
				PRODUCT_NAME = "$(TARGET_NAME)";
				SDKROOT = macosx;
				SUPPORTED_PLATFORMS = "macosx iphoneos iphonesimulator";
				SWIFT_VERSION = 5.0;
			};
			name = Release;
		};
/* End XCBuildConfiguration section */

/* Begin XCConfigurationList section */
		CDD095992640F3A8009DC7E0 /* Build configuration list for PBXNativeTarget "UI" */ = {
			isa = XCConfigurationList;
			buildConfigurations = (
				CDD0959A2640F3A8009DC7E0 /* Debug */,
				CDD0959B2640F3A8009DC7E0 /* Release */,
			);
			defaultConfigurationIsVisible = 0;
			defaultConfigurationName = Release;
		};
		CDD0959C2640F3A8009DC7E0 /* Build configuration list for PBXNativeTarget "UITests" */ = {
			isa = XCConfigurationList;
			buildConfigurations = (
				CDD0959D2640F3A8009DC7E0 /* Debug */,
				CDD0959E2640F3A8009DC7E0 /* Release */,
			);
			defaultConfigurationIsVisible = 0;
			defaultConfigurationName = Release;
		};
		CDD933D626213ED1000AD8C0 /* Build configuration list for PBXProject "CleanAppTraining" */ = {
			isa = XCConfigurationList;
			buildConfigurations = (
				CDD933E226213ED1000AD8C0 /* Debug */,
				CDD933E326213ED1000AD8C0 /* Release */,
			);
			defaultConfigurationIsVisible = 0;
			defaultConfigurationName = Release;
		};
		CDD933F426214437000AD8C0 /* Build configuration list for PBXNativeTarget "Domain" */ = {
			isa = XCConfigurationList;
			buildConfigurations = (
				CDD933F526214437000AD8C0 /* Debug */,
				CDD933F626214437000AD8C0 /* Release */,
			);
			defaultConfigurationIsVisible = 0;
			defaultConfigurationName = Release;
		};
		CDD9341526214613000AD8C0 /* Build configuration list for PBXNativeTarget "Data" */ = {
			isa = XCConfigurationList;
			buildConfigurations = (
				CDD9341626214613000AD8C0 /* Debug */,
				CDD9341726214613000AD8C0 /* Release */,
			);
			defaultConfigurationIsVisible = 0;
			defaultConfigurationName = Release;
		};
		CDD9341826214613000AD8C0 /* Build configuration list for PBXNativeTarget "DataTests" */ = {
			isa = XCConfigurationList;
			buildConfigurations = (
				CDD9341926214613000AD8C0 /* Debug */,
				CDD9341A26214613000AD8C0 /* Release */,
			);
			defaultConfigurationIsVisible = 0;
			defaultConfigurationName = Release;
		};
		CDED13F326292A2C00FD7290 /* Build configuration list for PBXNativeTarget "Infra" */ = {
			isa = XCConfigurationList;
			buildConfigurations = (
				CDED13F426292A2C00FD7290 /* Debug */,
				CDED13F526292A2C00FD7290 /* Release */,
			);
			defaultConfigurationIsVisible = 0;
			defaultConfigurationName = Release;
		};
		CDED13F626292A2C00FD7290 /* Build configuration list for PBXNativeTarget "InfraTests" */ = {
			isa = XCConfigurationList;
			buildConfigurations = (
				CDED13F726292A2C00FD7290 /* Debug */,
				CDED13F826292A2C00FD7290 /* Release */,
			);
			defaultConfigurationIsVisible = 0;
			defaultConfigurationName = Release;
		};
		CDFAB0D52630E356007F1D39 /* Build configuration list for PBXNativeTarget "UseCasesIntegrationTests" */ = {
			isa = XCConfigurationList;
			buildConfigurations = (
				CDFAB0D32630E356007F1D39 /* Debug */,
				CDFAB0D42630E356007F1D39 /* Release */,
			);
			defaultConfigurationIsVisible = 0;
			defaultConfigurationName = Release;
		};
		CDFAB0FC2630ED10007F1D39 /* Build configuration list for PBXNativeTarget "Presentation" */ = {
			isa = XCConfigurationList;
			buildConfigurations = (
				CDFAB0FD2630ED10007F1D39 /* Debug */,
				CDFAB0FE2630ED10007F1D39 /* Release */,
			);
			defaultConfigurationIsVisible = 0;
			defaultConfigurationName = Release;
		};
		CDFAB0FF2630ED10007F1D39 /* Build configuration list for PBXNativeTarget "PresentationTests" */ = {
			isa = XCConfigurationList;
			buildConfigurations = (
				CDFAB1002630ED10007F1D39 /* Debug */,
				CDFAB1012630ED10007F1D39 /* Release */,
			);
			defaultConfigurationIsVisible = 0;
			defaultConfigurationName = Release;
		};
/* End XCConfigurationList section */

/* Begin XCRemoteSwiftPackageReference section */
		CDED141926292BC300FD7290 /* XCRemoteSwiftPackageReference "Alamofire" */ = {
			isa = XCRemoteSwiftPackageReference;
			repositoryURL = "https://github.com/Alamofire/Alamofire.git";
			requirement = {
				kind = upToNextMajorVersion;
				minimumVersion = 5.4.2;
			};
		};
/* End XCRemoteSwiftPackageReference section */

/* Begin XCSwiftPackageProductDependency section */
		CDED141A26292BC300FD7290 /* Alamofire */ = {
			isa = XCSwiftPackageProductDependency;
			package = CDED141926292BC300FD7290 /* XCRemoteSwiftPackageReference "Alamofire" */;
			productName = Alamofire;
		};
/* End XCSwiftPackageProductDependency section */
	};
	rootObject = CDD933D326213ED1000AD8C0 /* Project object */;
}
